PODS:
  - Material (2.16.4):
    - Material/Core (= 2.16.4)
  - Material/Core (2.16.4):
    - Motion (~> 1.4.3)
  - Motion (1.4.3):
    - Motion/Core (= 1.4.3)
  - Motion/Core (1.4.3)
  - SCLAlertView (0.8)
  - SnapKit (4.2.0)

DEPENDENCIES:
  - Material (~> 2.16.4)
  - SCLAlertView
  - SnapKit (~> 4.2.0)

SPEC REPOS:
  https://github.com/cocoapods/specs.git:
    - Material
    - Motion
    - SCLAlertView
    - SnapKit

SPEC CHECKSUMS:
  Material: 4ed78690b09ffd148b5ffab6b4367fb1d8da1cd3
  Motion: 153ba49692997888556c7a95207278a8b1f8be95
  SCLAlertView: 6a77bb2edfc65e04dbe57725546cb4107a506b85
  SnapKit: fe8a619752f3f27075cc9a90244d75c6c3f27e2a

PODFILE CHECKSUM: 35296b33b0f3aedef6919407751a16328adde582

COCOAPODS: 1.5.3
