// !$*UTF8*$!
{
	archiveVersion = 1;
	classes = {
	};
	objectVersion = 50;
	objects = {

/* Begin PBXBuildFile section */
		190026B92252A76F0009F6F5 /* OpenSans-Regular.ttf in Resources */ = {isa = PBXBuildFile; fileRef = 190026B82252A76F0009F6F5 /* OpenSans-Regular.ttf */; };
		190026BB2252A7790009F6F5 /* OpenSans-Bold.ttf in Resources */ = {isa = PBXBuildFile; fileRef = 190026BA2252A7790009F6F5 /* OpenSans-Bold.ttf */; };
		1900F2D9220F05180040612A /* ChangePasswordModel.swift in Sources */ = {isa = PBXBuildFile; fileRef = 1900F2D8220F05180040612A /* ChangePasswordModel.swift */; };
		190EC502223D9D510082E4AA /* Payment.swift in Sources */ = {isa = PBXBuildFile; fileRef = 190EC501223D9D510082E4AA /* Payment.swift */; };
		191BD561229C58B600032B45 /* ContributionViewDelegate.swift in Sources */ = {isa = PBXBuildFile; fileRef = 191BD560229C58B600032B45 /* ContributionViewDelegate.swift */; };
		1924039D21D0F16100F29E7E /* PaymentViewDelegate.swift in Sources */ = {isa = PBXBuildFile; fileRef = 1924039C21D0F16100F29E7E /* PaymentViewDelegate.swift */; };
		193357ED221072B1000D922C /* TokenManager.swift in Sources */ = {isa = PBXBuildFile; fileRef = 193357EC221072B1000D922C /* TokenManager.swift */; };
		19346237221E72A000EC6CBE /* ReminderViewController.swift in Sources */ = {isa = PBXBuildFile; fileRef = 19346236221E72A000EC6CBE /* ReminderViewController.swift */; };
		19346239221E72F800EC6CBE /* ReminderView.swift in Sources */ = {isa = PBXBuildFile; fileRef = 19346238221E72F800EC6CBE /* ReminderView.swift */; };
		1941528C21A96A8300D0A7A3 /* AppDelegate.swift in Sources */ = {isa = PBXBuildFile; fileRef = 1941528B21A96A8300D0A7A3 /* AppDelegate.swift */; };
		1941528E21A96A8300D0A7A3 /* LoginViewController.swift in Sources */ = {isa = PBXBuildFile; fileRef = 1941528D21A96A8300D0A7A3 /* LoginViewController.swift */; };
		1941529321A96A8400D0A7A3 /* Assets.xcassets in Resources */ = {isa = PBXBuildFile; fileRef = 1941529221A96A8400D0A7A3 /* Assets.xcassets */; };
		1941529621A96A8400D0A7A3 /* LaunchScreen.storyboard in Resources */ = {isa = PBXBuildFile; fileRef = 1941529421A96A8400D0A7A3 /* LaunchScreen.storyboard */; };
		19461BAB22391D4B00D2E907 /* PayViewController.swift in Sources */ = {isa = PBXBuildFile; fileRef = 19461BAA22391D4B00D2E907 /* PayViewController.swift */; };
		19461BAD22391D8800D2E907 /* PayView.swift in Sources */ = {isa = PBXBuildFile; fileRef = 19461BAC22391D8800D2E907 /* PayView.swift */; };
		19461BAF223920A000D2E907 /* PayModel.swift in Sources */ = {isa = PBXBuildFile; fileRef = 19461BAE223920A000D2E907 /* PayModel.swift */; };
		194784E5220707C5000AE323 /* APIClient.swift in Sources */ = {isa = PBXBuildFile; fileRef = 194784E4220707C5000AE323 /* APIClient.swift */; };
		194784E7220793E7000AE323 /* LoginModel.swift in Sources */ = {isa = PBXBuildFile; fileRef = 194784E6220793E7000AE323 /* LoginModel.swift */; };
		194784E9220835C4000AE323 /* PickStudentAlertController.swift in Sources */ = {isa = PBXBuildFile; fileRef = 194784E8220835C4000AE323 /* PickStudentAlertController.swift */; };
		194784EB22083C53000AE323 /* PickStudentModel.swift in Sources */ = {isa = PBXBuildFile; fileRef = 194784EA22083C53000AE323 /* PickStudentModel.swift */; };
		194784ED2208C87B000AE323 /* PaymentModel.swift in Sources */ = {isa = PBXBuildFile; fileRef = 194784EC2208C87B000AE323 /* PaymentModel.swift */; };
		1947D589220AEEEE00C1D7D8 /* AsyncSafetyController.swift in Sources */ = {isa = PBXBuildFile; fileRef = 1947D588220AEEEE00C1D7D8 /* AsyncSafetyController.swift */; };
		1947D58B220AF2BB00C1D7D8 /* AsyncSafetyModel.swift in Sources */ = {isa = PBXBuildFile; fileRef = 1947D58A220AF2BB00C1D7D8 /* AsyncSafetyModel.swift */; };
		1947D58D220AF99E00C1D7D8 /* AsyncSafetyProtocool.swift in Sources */ = {isa = PBXBuildFile; fileRef = 1947D58C220AF99E00C1D7D8 /* AsyncSafetyProtocool.swift */; };
		19484C372204594A006097CF /* MainCoordinator.swift in Sources */ = {isa = PBXBuildFile; fileRef = 19484C362204594A006097CF /* MainCoordinator.swift */; };
		19484C3B220461C1006097CF /* ChangePasswordViewController.swift in Sources */ = {isa = PBXBuildFile; fileRef = 19484C3A220461C1006097CF /* ChangePasswordViewController.swift */; };
		19484C3D220466CA006097CF /* ChangePasswordView.swift in Sources */ = {isa = PBXBuildFile; fileRef = 19484C3C220466CA006097CF /* ChangePasswordView.swift */; };
		194C18D42298A8AA00065D3F /* ContributionsViewController.swift in Sources */ = {isa = PBXBuildFile; fileRef = 194C18D32298A8AA00065D3F /* ContributionsViewController.swift */; };
		194C18D62298A98400065D3F /* ContributionsView.swift in Sources */ = {isa = PBXBuildFile; fileRef = 194C18D52298A98400065D3F /* ContributionsView.swift */; };
		194D5EA72284BF4B008B3FF2 /* SearchField.swift in Sources */ = {isa = PBXBuildFile; fileRef = 194D5EA62284BF4B008B3FF2 /* SearchField.swift */; };
		194E989B223971EC0039CA66 /* ProgressableSlider.swift in Sources */ = {isa = PBXBuildFile; fileRef = 194E989A223971EC0039CA66 /* ProgressableSlider.swift */; };
		19533A122241A2B80091095E /* OpenSans-Light.ttf in Resources */ = {isa = PBXBuildFile; fileRef = 19533A112241A2B80091095E /* OpenSans-Light.ttf */; };
		195A09CF220BA600003A9CC2 /* LastLoginAttemptFailedAlertControler.swift in Sources */ = {isa = PBXBuildFile; fileRef = 195A09CE220BA600003A9CC2 /* LastLoginAttemptFailedAlertControler.swift */; };
		195FC3B1228B4680008BF80A /* ImagesViewController.swift in Sources */ = {isa = PBXBuildFile; fileRef = 195FC3B0228B4680008BF80A /* ImagesViewController.swift */; };
		195FC3B3228B46DE008BF80A /* ImagesView.swift in Sources */ = {isa = PBXBuildFile; fileRef = 195FC3B2228B46DE008BF80A /* ImagesView.swift */; };
		195FC3B5228C6404008BF80A /* Dot.swift in Sources */ = {isa = PBXBuildFile; fileRef = 195FC3B4228C6404008BF80A /* Dot.swift */; };
		195FC3B7228CBADB008BF80A /* ImagesViewDelegate.swift in Sources */ = {isa = PBXBuildFile; fileRef = 195FC3B6228CBADB008BF80A /* ImagesViewDelegate.swift */; };
		196A37C6220A4B4A00288808 /* NotificationNameExtensions.swift in Sources */ = {isa = PBXBuildFile; fileRef = 196A37C5220A4B4A00288808 /* NotificationNameExtensions.swift */; };
		196DF59222869F8700C32C45 /* AlertBuilder.swift in Sources */ = {isa = PBXBuildFile; fileRef = 196DF59122869F8700C32C45 /* AlertBuilder.swift */; };
		1973B1F2220EDD1500EFB7AA /* CompulsoryPasswordChangeAlertController.swift in Sources */ = {isa = PBXBuildFile; fileRef = 1973B1F1220EDD1500EFB7AA /* CompulsoryPasswordChangeAlertController.swift */; };
		197F583621D042CA0098F17B /* ClassPickViewProtocol.swift in Sources */ = {isa = PBXBuildFile; fileRef = 197F583521D042CA0098F17B /* ClassPickViewProtocol.swift */; };
		198583562203112C00630FCE /* Localizable.strings in Resources */ = {isa = PBXBuildFile; fileRef = 198583582203112C00630FCE /* Localizable.strings */; };
		1988D791223ECEEC006A6A22 /* PayViewDelegate.swift in Sources */ = {isa = PBXBuildFile; fileRef = 1988D790223ECEEC006A6A22 /* PayViewDelegate.swift */; };
		1988D793223EFF20006A6A22 /* CoordinatorProtocol.swift in Sources */ = {isa = PBXBuildFile; fileRef = 1988D792223EFF20006A6A22 /* CoordinatorProtocol.swift */; };
		1988D795223F01C3006A6A22 /* LoginCoordinator.swift in Sources */ = {isa = PBXBuildFile; fileRef = 1988D794223F01C3006A6A22 /* LoginCoordinator.swift */; };
		1988D797223F1747006A6A22 /* PaymentCoordinator.swift in Sources */ = {isa = PBXBuildFile; fileRef = 1988D796223F1747006A6A22 /* PaymentCoordinator.swift */; };
		199F8F032201DB6700ABD4C2 /* OptionButton.swift in Sources */ = {isa = PBXBuildFile; fileRef = 199F8F022201DB6700ABD4C2 /* OptionButton.swift */; };
		19A1D916225F51300012B09E /* AmountLabel.swift in Sources */ = {isa = PBXBuildFile; fileRef = 19A1D915225F51300012B09E /* AmountLabel.swift */; };
		19A4ADEB21E62AF100CC2E42 /* PaymentCellView.swift in Sources */ = {isa = PBXBuildFile; fileRef = 1943528021E6259900F84F41 /* PaymentCellView.swift */; };
		19A6A1CD224045F4005B1818 /* StartViewController.swift in Sources */ = {isa = PBXBuildFile; fileRef = 19A6A1CC224045F4005B1818 /* StartViewController.swift */; };
		19A6A1CF224045FC005B1818 /* StartView.swift in Sources */ = {isa = PBXBuildFile; fileRef = 19A6A1CE224045FC005B1818 /* StartView.swift */; };
		19B446BB226296880014121F /* DetailsViewController.swift in Sources */ = {isa = PBXBuildFile; fileRef = 19B446BA226296880014121F /* DetailsViewController.swift */; };
		19B446BD226298FD0014121F /* DetailsModel.swift in Sources */ = {isa = PBXBuildFile; fileRef = 19B446BC226298FD0014121F /* DetailsModel.swift */; };
		19B446BF226299160014121F /* DetailsView.swift in Sources */ = {isa = PBXBuildFile; fileRef = 19B446BE226299160014121F /* DetailsView.swift */; };
		19B446C12262A0A10014121F /* DetailWithDescription.swift in Sources */ = {isa = PBXBuildFile; fileRef = 19B446C02262A0A10014121F /* DetailWithDescription.swift */; };
		19B446C322637F5D0014121F /* DetailsViewDelegate.swift in Sources */ = {isa = PBXBuildFile; fileRef = 19B446C222637F5D0014121F /* DetailsViewDelegate.swift */; };
		19B446C5226528720014121F /* SlideInAnimationController.swift in Sources */ = {isa = PBXBuildFile; fileRef = 19B446C4226528720014121F /* SlideInAnimationController.swift */; };
		19B446C7226538C00014121F /* Slideable.swift in Sources */ = {isa = PBXBuildFile; fileRef = 19B446C6226538C00014121F /* Slideable.swift */; };
		19BA4A702200DF890095D991 /* RaisedButton.swift in Sources */ = {isa = PBXBuildFile; fileRef = 19BA4A6F2200DF890095D991 /* RaisedButton.swift */; };
		19BA4A742201013F0095D991 /* LightTextField.swift in Sources */ = {isa = PBXBuildFile; fileRef = 19BA4A732201013F0095D991 /* LightTextField.swift */; };
		19CA3D5B21C9B530009059B0 /* LoginView.swift in Sources */ = {isa = PBXBuildFile; fileRef = 19CA3D5A21C9B530009059B0 /* LoginView.swift */; };
		19D7065A21AFC38E00AE2546 /* PaymentView.swift in Sources */ = {isa = PBXBuildFile; fileRef = 19D7065921AFC38E00AE2546 /* PaymentView.swift */; };
		19DEFC022231147C00BEFF8D /* ReminderModel.swift in Sources */ = {isa = PBXBuildFile; fileRef = 19DEFC012231147C00BEFF8D /* ReminderModel.swift */; };
		19DEFC0422312C4400BEFF8D /* ReminderDelegate.swift in Sources */ = {isa = PBXBuildFile; fileRef = 19DEFC0322312C4400BEFF8D /* ReminderDelegate.swift */; };
		19DF9F1622369CAB006CE8FA /* UIColorExtensions.swift in Sources */ = {isa = PBXBuildFile; fileRef = 19DF9F1522369CAB006CE8FA /* UIColorExtensions.swift */; };
		19DF9F182236A41A006CE8FA /* LoginViewDelegate.swift in Sources */ = {isa = PBXBuildFile; fileRef = 19DF9F172236A41A006CE8FA /* LoginViewDelegate.swift */; };
		19E38E1E223062F9006DE37B /* BigLabel.swift in Sources */ = {isa = PBXBuildFile; fileRef = 19E38E1D223062F9006DE37B /* BigLabel.swift */; };
		19E38E2022307161006DE37B /* SegmentedControl.swift in Sources */ = {isa = PBXBuildFile; fileRef = 19E38E1F22307161006DE37B /* SegmentedControl.swift */; };
		19E5E6422235E8C90084A026 /* PaymentCellDelegate.swift in Sources */ = {isa = PBXBuildFile; fileRef = 19E5E6412235E8C90084A026 /* PaymentCellDelegate.swift */; };
		19E5E6442235E9B00084A026 /* ChangePasswordProtocool.swift in Sources */ = {isa = PBXBuildFile; fileRef = 19E5E6432235E9B00084A026 /* ChangePasswordProtocool.swift */; };
		19FC746021A9CAAD0019F1A5 /* PaymentViewController.swift in Sources */ = {isa = PBXBuildFile; fileRef = 19FC745F21A9CAAD0019F1A5 /* PaymentViewController.swift */; };
		3174D6575B0DAE65272192F9 /* Pods_skarbnik.framework in Frameworks */ = {isa = PBXBuildFile; fileRef = 9E30F5B34FB551F25545D8E6 /* Pods_skarbnik.framework */; };
/* End PBXBuildFile section */

/* Begin PBXFileReference section */
		057D5E9F630CB27DA4C323B9 /* Pods-skarbnik.debug.xcconfig */ = {isa = PBXFileReference; includeInIndex = 1; lastKnownFileType = text.xcconfig; name = "Pods-skarbnik.debug.xcconfig"; path = "Pods/Target Support Files/Pods-skarbnik/Pods-skarbnik.debug.xcconfig"; sourceTree = "<group>"; };
		190026B82252A76F0009F6F5 /* OpenSans-Regular.ttf */ = {isa = PBXFileReference; lastKnownFileType = file; path = "OpenSans-Regular.ttf"; sourceTree = "<group>"; };
		190026BA2252A7790009F6F5 /* OpenSans-Bold.ttf */ = {isa = PBXFileReference; lastKnownFileType = file; path = "OpenSans-Bold.ttf"; sourceTree = "<group>"; };
		1900F2D8220F05180040612A /* ChangePasswordModel.swift */ = {isa = PBXFileReference; lastKnownFileType = sourcecode.swift; path = ChangePasswordModel.swift; sourceTree = "<group>"; };
		190EC501223D9D510082E4AA /* Payment.swift */ = {isa = PBXFileReference; lastKnownFileType = sourcecode.swift; path = Payment.swift; sourceTree = "<group>"; };
		191BD560229C58B600032B45 /* ContributionViewDelegate.swift */ = {isa = PBXFileReference; lastKnownFileType = sourcecode.swift; path = ContributionViewDelegate.swift; sourceTree = "<group>"; };
		1924039C21D0F16100F29E7E /* PaymentViewDelegate.swift */ = {isa = PBXFileReference; lastKnownFileType = sourcecode.swift; path = PaymentViewDelegate.swift; sourceTree = "<group>"; };
		193357EC221072B1000D922C /* TokenManager.swift */ = {isa = PBXFileReference; lastKnownFileType = sourcecode.swift; path = TokenManager.swift; sourceTree = "<group>"; };
		19346236221E72A000EC6CBE /* ReminderViewController.swift */ = {isa = PBXFileReference; lastKnownFileType = sourcecode.swift; path = ReminderViewController.swift; sourceTree = "<group>"; };
		19346238221E72F800EC6CBE /* ReminderView.swift */ = {isa = PBXFileReference; lastKnownFileType = sourcecode.swift; path = ReminderView.swift; sourceTree = "<group>"; };
		1941528821A96A8300D0A7A3 /* skarbnik.app */ = {isa = PBXFileReference; explicitFileType = wrapper.application; includeInIndex = 0; path = skarbnik.app; sourceTree = BUILT_PRODUCTS_DIR; };
		1941528B21A96A8300D0A7A3 /* AppDelegate.swift */ = {isa = PBXFileReference; lastKnownFileType = sourcecode.swift; path = AppDelegate.swift; sourceTree = "<group>"; };
		1941528D21A96A8300D0A7A3 /* LoginViewController.swift */ = {isa = PBXFileReference; lastKnownFileType = sourcecode.swift; path = LoginViewController.swift; sourceTree = "<group>"; };
		1941529221A96A8400D0A7A3 /* Assets.xcassets */ = {isa = PBXFileReference; lastKnownFileType = folder.assetcatalog; path = Assets.xcassets; sourceTree = "<group>"; };
		1941529521A96A8400D0A7A3 /* Base */ = {isa = PBXFileReference; lastKnownFileType = file.storyboard; name = Base; path = Base.lproj/LaunchScreen.storyboard; sourceTree = "<group>"; };
		1941529721A96A8400D0A7A3 /* Info.plist */ = {isa = PBXFileReference; lastKnownFileType = text.plist.xml; path = Info.plist; sourceTree = "<group>"; };
		1943528021E6259900F84F41 /* PaymentCellView.swift */ = {isa = PBXFileReference; lastKnownFileType = sourcecode.swift; path = PaymentCellView.swift; sourceTree = "<group>"; };
		19461BAA22391D4B00D2E907 /* PayViewController.swift */ = {isa = PBXFileReference; lastKnownFileType = sourcecode.swift; path = PayViewController.swift; sourceTree = "<group>"; };
		19461BAC22391D8800D2E907 /* PayView.swift */ = {isa = PBXFileReference; lastKnownFileType = sourcecode.swift; path = PayView.swift; sourceTree = "<group>"; };
		19461BAE223920A000D2E907 /* PayModel.swift */ = {isa = PBXFileReference; lastKnownFileType = sourcecode.swift; path = PayModel.swift; sourceTree = "<group>"; };
		194784E4220707C5000AE323 /* APIClient.swift */ = {isa = PBXFileReference; lastKnownFileType = sourcecode.swift; path = APIClient.swift; sourceTree = "<group>"; };
		194784E6220793E7000AE323 /* LoginModel.swift */ = {isa = PBXFileReference; lastKnownFileType = sourcecode.swift; path = LoginModel.swift; sourceTree = "<group>"; };
		194784E8220835C4000AE323 /* PickStudentAlertController.swift */ = {isa = PBXFileReference; lastKnownFileType = sourcecode.swift; path = PickStudentAlertController.swift; sourceTree = "<group>"; };
		194784EA22083C53000AE323 /* PickStudentModel.swift */ = {isa = PBXFileReference; lastKnownFileType = sourcecode.swift; path = PickStudentModel.swift; sourceTree = "<group>"; };
		194784EC2208C87B000AE323 /* PaymentModel.swift */ = {isa = PBXFileReference; lastKnownFileType = sourcecode.swift; path = PaymentModel.swift; sourceTree = "<group>"; };
		1947D588220AEEEE00C1D7D8 /* AsyncSafetyController.swift */ = {isa = PBXFileReference; lastKnownFileType = sourcecode.swift; path = AsyncSafetyController.swift; sourceTree = "<group>"; };
		1947D58A220AF2BB00C1D7D8 /* AsyncSafetyModel.swift */ = {isa = PBXFileReference; lastKnownFileType = sourcecode.swift; path = AsyncSafetyModel.swift; sourceTree = "<group>"; };
		1947D58C220AF99E00C1D7D8 /* AsyncSafetyProtocool.swift */ = {isa = PBXFileReference; lastKnownFileType = sourcecode.swift; path = AsyncSafetyProtocool.swift; sourceTree = "<group>"; };
		19484C362204594A006097CF /* MainCoordinator.swift */ = {isa = PBXFileReference; lastKnownFileType = sourcecode.swift; path = MainCoordinator.swift; sourceTree = "<group>"; };
		19484C3A220461C1006097CF /* ChangePasswordViewController.swift */ = {isa = PBXFileReference; lastKnownFileType = sourcecode.swift; path = ChangePasswordViewController.swift; sourceTree = "<group>"; };
		19484C3C220466CA006097CF /* ChangePasswordView.swift */ = {isa = PBXFileReference; lastKnownFileType = sourcecode.swift; path = ChangePasswordView.swift; sourceTree = "<group>"; };
		194C18D32298A8AA00065D3F /* ContributionsViewController.swift */ = {isa = PBXFileReference; lastKnownFileType = sourcecode.swift; path = ContributionsViewController.swift; sourceTree = "<group>"; };
		194C18D52298A98400065D3F /* ContributionsView.swift */ = {isa = PBXFileReference; lastKnownFileType = sourcecode.swift; path = ContributionsView.swift; sourceTree = "<group>"; };
		194D5EA62284BF4B008B3FF2 /* SearchField.swift */ = {isa = PBXFileReference; lastKnownFileType = sourcecode.swift; path = SearchField.swift; sourceTree = "<group>"; };
		194E989A223971EC0039CA66 /* ProgressableSlider.swift */ = {isa = PBXFileReference; lastKnownFileType = sourcecode.swift; path = ProgressableSlider.swift; sourceTree = "<group>"; };
		19533A112241A2B80091095E /* OpenSans-Light.ttf */ = {isa = PBXFileReference; lastKnownFileType = file; path = "OpenSans-Light.ttf"; sourceTree = "<group>"; };
		195A09CE220BA600003A9CC2 /* LastLoginAttemptFailedAlertControler.swift */ = {isa = PBXFileReference; lastKnownFileType = sourcecode.swift; path = LastLoginAttemptFailedAlertControler.swift; sourceTree = "<group>"; };
		195FC3B0228B4680008BF80A /* ImagesViewController.swift */ = {isa = PBXFileReference; lastKnownFileType = sourcecode.swift; path = ImagesViewController.swift; sourceTree = "<group>"; };
		195FC3B2228B46DE008BF80A /* ImagesView.swift */ = {isa = PBXFileReference; lastKnownFileType = sourcecode.swift; path = ImagesView.swift; sourceTree = "<group>"; };
		195FC3B4228C6404008BF80A /* Dot.swift */ = {isa = PBXFileReference; lastKnownFileType = sourcecode.swift; path = Dot.swift; sourceTree = "<group>"; };
		195FC3B6228CBADB008BF80A /* ImagesViewDelegate.swift */ = {isa = PBXFileReference; lastKnownFileType = sourcecode.swift; path = ImagesViewDelegate.swift; sourceTree = "<group>"; };
		196A37C5220A4B4A00288808 /* NotificationNameExtensions.swift */ = {isa = PBXFileReference; lastKnownFileType = sourcecode.swift; path = NotificationNameExtensions.swift; sourceTree = "<group>"; };
		196DF59122869F8700C32C45 /* AlertBuilder.swift */ = {isa = PBXFileReference; lastKnownFileType = sourcecode.swift; path = AlertBuilder.swift; sourceTree = "<group>"; };
		1973B1F1220EDD1500EFB7AA /* CompulsoryPasswordChangeAlertController.swift */ = {isa = PBXFileReference; lastKnownFileType = sourcecode.swift; path = CompulsoryPasswordChangeAlertController.swift; sourceTree = "<group>"; };
		197F583521D042CA0098F17B /* ClassPickViewProtocol.swift */ = {isa = PBXFileReference; lastKnownFileType = sourcecode.swift; path = ClassPickViewProtocol.swift; sourceTree = "<group>"; };
		198583572203112C00630FCE /* en */ = {isa = PBXFileReference; lastKnownFileType = text.plist.strings; name = en; path = en.lproj/Localizable.strings; sourceTree = "<group>"; };
		198583592203113C00630FCE /* pl */ = {isa = PBXFileReference; lastKnownFileType = text.plist.strings; name = pl; path = pl.lproj/Localizable.strings; sourceTree = "<group>"; };
		1988D790223ECEEC006A6A22 /* PayViewDelegate.swift */ = {isa = PBXFileReference; lastKnownFileType = sourcecode.swift; path = PayViewDelegate.swift; sourceTree = "<group>"; };
		1988D792223EFF20006A6A22 /* CoordinatorProtocol.swift */ = {isa = PBXFileReference; lastKnownFileType = sourcecode.swift; path = CoordinatorProtocol.swift; sourceTree = "<group>"; };
		1988D794223F01C3006A6A22 /* LoginCoordinator.swift */ = {isa = PBXFileReference; lastKnownFileType = sourcecode.swift; path = LoginCoordinator.swift; sourceTree = "<group>"; };
		1988D796223F1747006A6A22 /* PaymentCoordinator.swift */ = {isa = PBXFileReference; lastKnownFileType = sourcecode.swift; path = PaymentCoordinator.swift; sourceTree = "<group>"; };
		199F8F022201DB6700ABD4C2 /* OptionButton.swift */ = {isa = PBXFileReference; lastKnownFileType = sourcecode.swift; path = OptionButton.swift; sourceTree = "<group>"; };
		19A1D915225F51300012B09E /* AmountLabel.swift */ = {isa = PBXFileReference; lastKnownFileType = sourcecode.swift; path = AmountLabel.swift; sourceTree = "<group>"; };
		19A6A1CC224045F4005B1818 /* StartViewController.swift */ = {isa = PBXFileReference; lastKnownFileType = sourcecode.swift; path = StartViewController.swift; sourceTree = "<group>"; };
		19A6A1CE224045FC005B1818 /* StartView.swift */ = {isa = PBXFileReference; lastKnownFileType = sourcecode.swift; path = StartView.swift; sourceTree = "<group>"; };
		19B446BA226296880014121F /* DetailsViewController.swift */ = {isa = PBXFileReference; lastKnownFileType = sourcecode.swift; path = DetailsViewController.swift; sourceTree = "<group>"; };
		19B446BC226298FD0014121F /* DetailsModel.swift */ = {isa = PBXFileReference; lastKnownFileType = sourcecode.swift; path = DetailsModel.swift; sourceTree = "<group>"; };
		19B446BE226299160014121F /* DetailsView.swift */ = {isa = PBXFileReference; lastKnownFileType = sourcecode.swift; path = DetailsView.swift; sourceTree = "<group>"; };
		19B446C02262A0A10014121F /* DetailWithDescription.swift */ = {isa = PBXFileReference; lastKnownFileType = sourcecode.swift; path = DetailWithDescription.swift; sourceTree = "<group>"; };
		19B446C222637F5D0014121F /* DetailsViewDelegate.swift */ = {isa = PBXFileReference; lastKnownFileType = sourcecode.swift; path = DetailsViewDelegate.swift; sourceTree = "<group>"; };
		19B446C4226528720014121F /* SlideInAnimationController.swift */ = {isa = PBXFileReference; lastKnownFileType = sourcecode.swift; path = SlideInAnimationController.swift; sourceTree = "<group>"; };
		19B446C6226538C00014121F /* Slideable.swift */ = {isa = PBXFileReference; lastKnownFileType = sourcecode.swift; path = Slideable.swift; sourceTree = "<group>"; };
		19BA4A6F2200DF890095D991 /* RaisedButton.swift */ = {isa = PBXFileReference; lastKnownFileType = sourcecode.swift; path = RaisedButton.swift; sourceTree = "<group>"; };
		19BA4A732201013F0095D991 /* LightTextField.swift */ = {isa = PBXFileReference; lastKnownFileType = sourcecode.swift; path = LightTextField.swift; sourceTree = "<group>"; };
		19CA3D5A21C9B530009059B0 /* LoginView.swift */ = {isa = PBXFileReference; lastKnownFileType = sourcecode.swift; path = LoginView.swift; sourceTree = "<group>"; };
		19D7065921AFC38E00AE2546 /* PaymentView.swift */ = {isa = PBXFileReference; lastKnownFileType = sourcecode.swift; path = PaymentView.swift; sourceTree = "<group>"; };
		19DEFC012231147C00BEFF8D /* ReminderModel.swift */ = {isa = PBXFileReference; lastKnownFileType = sourcecode.swift; path = ReminderModel.swift; sourceTree = "<group>"; };
		19DEFC0322312C4400BEFF8D /* ReminderDelegate.swift */ = {isa = PBXFileReference; lastKnownFileType = sourcecode.swift; path = ReminderDelegate.swift; sourceTree = "<group>"; };
		19DF9F1522369CAB006CE8FA /* UIColorExtensions.swift */ = {isa = PBXFileReference; lastKnownFileType = sourcecode.swift; path = UIColorExtensions.swift; sourceTree = "<group>"; };
		19DF9F172236A41A006CE8FA /* LoginViewDelegate.swift */ = {isa = PBXFileReference; lastKnownFileType = sourcecode.swift; path = LoginViewDelegate.swift; sourceTree = "<group>"; };
		19E38E1D223062F9006DE37B /* BigLabel.swift */ = {isa = PBXFileReference; lastKnownFileType = sourcecode.swift; path = BigLabel.swift; sourceTree = "<group>"; };
		19E38E1F22307161006DE37B /* SegmentedControl.swift */ = {isa = PBXFileReference; lastKnownFileType = sourcecode.swift; path = SegmentedControl.swift; sourceTree = "<group>"; };
		19E5E6412235E8C90084A026 /* PaymentCellDelegate.swift */ = {isa = PBXFileReference; lastKnownFileType = sourcecode.swift; path = PaymentCellDelegate.swift; sourceTree = "<group>"; };
		19E5E6432235E9B00084A026 /* ChangePasswordProtocool.swift */ = {isa = PBXFileReference; lastKnownFileType = sourcecode.swift; path = ChangePasswordProtocool.swift; sourceTree = "<group>"; };
		19FC745F21A9CAAD0019F1A5 /* PaymentViewController.swift */ = {isa = PBXFileReference; lastKnownFileType = sourcecode.swift; path = PaymentViewController.swift; sourceTree = "<group>"; };
		2CBF680440CCE5CBDA7F805F /* Pods-skarbnik.staging debug.xcconfig */ = {isa = PBXFileReference; includeInIndex = 1; lastKnownFileType = text.xcconfig; name = "Pods-skarbnik.staging debug.xcconfig"; path = "Pods/Target Support Files/Pods-skarbnik/Pods-skarbnik.staging debug.xcconfig"; sourceTree = "<group>"; };
		9E30F5B34FB551F25545D8E6 /* Pods_skarbnik.framework */ = {isa = PBXFileReference; explicitFileType = wrapper.framework; includeInIndex = 0; path = Pods_skarbnik.framework; sourceTree = BUILT_PRODUCTS_DIR; };
		A2BC1FB130ECB23CB86B48F2 /* Pods-skarbnik.release.xcconfig */ = {isa = PBXFileReference; includeInIndex = 1; lastKnownFileType = text.xcconfig; name = "Pods-skarbnik.release.xcconfig"; path = "Pods/Target Support Files/Pods-skarbnik/Pods-skarbnik.release.xcconfig"; sourceTree = "<group>"; };
		E3FEE6D5B71C0D48C9735324 /* Pods-skarbnik.staging release.xcconfig */ = {isa = PBXFileReference; includeInIndex = 1; lastKnownFileType = text.xcconfig; name = "Pods-skarbnik.staging release.xcconfig"; path = "Pods/Target Support Files/Pods-skarbnik/Pods-skarbnik.staging release.xcconfig"; sourceTree = "<group>"; };
/* End PBXFileReference section */

/* Begin PBXFrameworksBuildPhase section */
		1941528521A96A8300D0A7A3 /* Frameworks */ = {
			isa = PBXFrameworksBuildPhase;
			buildActionMask = 2147483647;
			files = (
				3174D6575B0DAE65272192F9 /* Pods_skarbnik.framework in Frameworks */,
			);
			runOnlyForDeploymentPostprocessing = 0;
		};
/* End PBXFrameworksBuildPhase section */

/* Begin PBXGroup section */
		1941527F21A96A8300D0A7A3 = {
			isa = PBXGroup;
			children = (
				1941528A21A96A8300D0A7A3 /* skarbnik */,
				1941528921A96A8300D0A7A3 /* Products */,
				9AF11F5B63647BA6059A57C7 /* Pods */,
				485429CB77F618863CA9DDEA /* Frameworks */,
			);
			sourceTree = "<group>";
		};
		1941528921A96A8300D0A7A3 /* Products */ = {
			isa = PBXGroup;
			children = (
				1941528821A96A8300D0A7A3 /* skarbnik.app */,
			);
			name = Products;
			sourceTree = "<group>";
		};
		1941528A21A96A8300D0A7A3 /* skarbnik */ = {
			isa = PBXGroup;
			children = (
				19BA4A6E2200DF490095D991 /* Controlls */,
				19FC745C21A992170019F1A5 /* Helper */,
				1941529D21A96CDC00D0A7A3 /* Model */,
				1941529E21A96CE200D0A7A3 /* View */,
				1941529F21A96CEC00D0A7A3 /* Controller */,
				1941528B21A96A8300D0A7A3 /* AppDelegate.swift */,
				19484C362204594A006097CF /* MainCoordinator.swift */,
				1988D794223F01C3006A6A22 /* LoginCoordinator.swift */,
				1988D796223F1747006A6A22 /* PaymentCoordinator.swift */,
				1941529221A96A8400D0A7A3 /* Assets.xcassets */,
				1941529421A96A8400D0A7A3 /* LaunchScreen.storyboard */,
				1941529721A96A8400D0A7A3 /* Info.plist */,
				198583582203112C00630FCE /* Localizable.strings */,
			);
			path = skarbnik;
			sourceTree = "<group>";
		};
		1941529D21A96CDC00D0A7A3 /* Model */ = {
			isa = PBXGroup;
			children = (
				190EC501223D9D510082E4AA /* Payment.swift */,
				194784E4220707C5000AE323 /* APIClient.swift */,
				194784E6220793E7000AE323 /* LoginModel.swift */,
				194784EA22083C53000AE323 /* PickStudentModel.swift */,
				194784EC2208C87B000AE323 /* PaymentModel.swift */,
				1947D58A220AF2BB00C1D7D8 /* AsyncSafetyModel.swift */,
				1900F2D8220F05180040612A /* ChangePasswordModel.swift */,
				19DEFC012231147C00BEFF8D /* ReminderModel.swift */,
				19461BAE223920A000D2E907 /* PayModel.swift */,
				19B446BC226298FD0014121F /* DetailsModel.swift */,
			);
			path = Model;
			sourceTree = "<group>";
		};
		1941529E21A96CE200D0A7A3 /* View */ = {
			isa = PBXGroup;
			children = (
				19CA3D5A21C9B530009059B0 /* LoginView.swift */,
				19D7065921AFC38E00AE2546 /* PaymentView.swift */,
				1943528021E6259900F84F41 /* PaymentCellView.swift */,
				19484C3C220466CA006097CF /* ChangePasswordView.swift */,
				19346238221E72F800EC6CBE /* ReminderView.swift */,
				19461BAC22391D8800D2E907 /* PayView.swift */,
				19A6A1CE224045FC005B1818 /* StartView.swift */,
				19B446BE226299160014121F /* DetailsView.swift */,
				195FC3B2228B46DE008BF80A /* ImagesView.swift */,
				194C18D52298A98400065D3F /* ContributionsView.swift */,
			);
			path = View;
			sourceTree = "<group>";
		};
		1941529F21A96CEC00D0A7A3 /* Controller */ = {
			isa = PBXGroup;
			children = (
				19A6A1CC224045F4005B1818 /* StartViewController.swift */,
				1941528D21A96A8300D0A7A3 /* LoginViewController.swift */,
				194784E8220835C4000AE323 /* PickStudentAlertController.swift */,
				1947D588220AEEEE00C1D7D8 /* AsyncSafetyController.swift */,
				19FC745F21A9CAAD0019F1A5 /* PaymentViewController.swift */,
				195A09CE220BA600003A9CC2 /* LastLoginAttemptFailedAlertControler.swift */,
				1973B1F1220EDD1500EFB7AA /* CompulsoryPasswordChangeAlertController.swift */,
				19484C3A220461C1006097CF /* ChangePasswordViewController.swift */,
				19346236221E72A000EC6CBE /* ReminderViewController.swift */,
				19461BAA22391D4B00D2E907 /* PayViewController.swift */,
				19B446BA226296880014121F /* DetailsViewController.swift */,
				19B446C4226528720014121F /* SlideInAnimationController.swift */,
				196DF59122869F8700C32C45 /* AlertBuilder.swift */,
				195FC3B0228B4680008BF80A /* ImagesViewController.swift */,
				194C18D32298A8AA00065D3F /* ContributionsViewController.swift */,
			);
			path = Controller;
			sourceTree = "<group>";
		};
		19BA4A6E2200DF490095D991 /* Controlls */ = {
			isa = PBXGroup;
			children = (
				19533A112241A2B80091095E /* OpenSans-Light.ttf */,
				190026B82252A76F0009F6F5 /* OpenSans-Regular.ttf */,
				190026BA2252A7790009F6F5 /* OpenSans-Bold.ttf */,
				19BA4A6F2200DF890095D991 /* RaisedButton.swift */,
				19BA4A732201013F0095D991 /* LightTextField.swift */,
				199F8F022201DB6700ABD4C2 /* OptionButton.swift */,
				19E38E1D223062F9006DE37B /* BigLabel.swift */,
				19E38E1F22307161006DE37B /* SegmentedControl.swift */,
				194E989A223971EC0039CA66 /* ProgressableSlider.swift */,
				1988D792223EFF20006A6A22 /* CoordinatorProtocol.swift */,
				19A1D915225F51300012B09E /* AmountLabel.swift */,
				19B446C02262A0A10014121F /* DetailWithDescription.swift */,
				194D5EA62284BF4B008B3FF2 /* SearchField.swift */,
				195FC3B4228C6404008BF80A /* Dot.swift */,
			);
			path = Controlls;
			sourceTree = "<group>";
		};
		19FC745C21A992170019F1A5 /* Helper */ = {
			isa = PBXGroup;
			children = (
				19DF9F1522369CAB006CE8FA /* UIColorExtensions.swift */,
				196A37C5220A4B4A00288808 /* NotificationNameExtensions.swift */,
				19DF9F172236A41A006CE8FA /* LoginViewDelegate.swift */,
				197F583521D042CA0098F17B /* ClassPickViewProtocol.swift */,
				1947D58C220AF99E00C1D7D8 /* AsyncSafetyProtocool.swift */,
				1924039C21D0F16100F29E7E /* PaymentViewDelegate.swift */,
				19E5E6412235E8C90084A026 /* PaymentCellDelegate.swift */,
				193357EC221072B1000D922C /* TokenManager.swift */,
				19DEFC0322312C4400BEFF8D /* ReminderDelegate.swift */,
				19E5E6432235E9B00084A026 /* ChangePasswordProtocool.swift */,
				1988D790223ECEEC006A6A22 /* PayViewDelegate.swift */,
				19B446C222637F5D0014121F /* DetailsViewDelegate.swift */,
				19B446C6226538C00014121F /* Slideable.swift */,
				195FC3B6228CBADB008BF80A /* ImagesViewDelegate.swift */,
				191BD560229C58B600032B45 /* ContributionViewDelegate.swift */,
			);
			path = Helper;
			sourceTree = "<group>";
		};
		485429CB77F618863CA9DDEA /* Frameworks */ = {
			isa = PBXGroup;
			children = (
				9E30F5B34FB551F25545D8E6 /* Pods_skarbnik.framework */,
			);
			name = Frameworks;
			sourceTree = "<group>";
		};
		9AF11F5B63647BA6059A57C7 /* Pods */ = {
			isa = PBXGroup;
			children = (
				057D5E9F630CB27DA4C323B9 /* Pods-skarbnik.debug.xcconfig */,
				2CBF680440CCE5CBDA7F805F /* Pods-skarbnik.staging debug.xcconfig */,
				A2BC1FB130ECB23CB86B48F2 /* Pods-skarbnik.release.xcconfig */,
				E3FEE6D5B71C0D48C9735324 /* Pods-skarbnik.staging release.xcconfig */,
			);
			name = Pods;
			sourceTree = "<group>";
		};
/* End PBXGroup section */

/* Begin PBXNativeTarget section */
		1941528721A96A8300D0A7A3 /* skarbnik */ = {
			isa = PBXNativeTarget;
			buildConfigurationList = 1941529A21A96A8400D0A7A3 /* Build configuration list for PBXNativeTarget "skarbnik" */;
			buildPhases = (
				E0BB3ADCC4D92F937110383A /* [CP] Check Pods Manifest.lock */,
				1941528421A96A8300D0A7A3 /* Sources */,
				1941528521A96A8300D0A7A3 /* Frameworks */,
				1941528621A96A8300D0A7A3 /* Resources */,
				200EE0A6D2FBDE9868DEB341 /* [CP] Embed Pods Frameworks */,
			);
			buildRules = (
			);
			dependencies = (
			);
			name = skarbnik;
			productName = skarbinik;
			productReference = 1941528821A96A8300D0A7A3 /* skarbnik.app */;
			productType = "com.apple.product-type.application";
		};
/* End PBXNativeTarget section */

/* Begin PBXProject section */
		1941528021A96A8300D0A7A3 /* Project object */ = {
			isa = PBXProject;
			attributes = {
				LastSwiftUpdateCheck = 1010;
				LastUpgradeCheck = 1010;
				ORGANIZATIONNAME = "Jakub Towarek";
				TargetAttributes = {
					1941528721A96A8300D0A7A3 = {
						CreatedOnToolsVersion = 10.1;
						SystemCapabilities = {
							com.apple.Keychain = {
								enabled = 0;
							};
						};
					};
				};
			};
			buildConfigurationList = 1941528321A96A8300D0A7A3 /* Build configuration list for PBXProject "skarbnik" */;
			compatibilityVersion = "Xcode 9.3";
			developmentRegion = en;
			hasScannedForEncodings = 0;
			knownRegions = (
				en,
				Base,
				pl,
			);
			mainGroup = 1941527F21A96A8300D0A7A3;
			productRefGroup = 1941528921A96A8300D0A7A3 /* Products */;
			projectDirPath = "";
			projectRoot = "";
			targets = (
				1941528721A96A8300D0A7A3 /* skarbnik */,
			);
		};
/* End PBXProject section */

/* Begin PBXResourcesBuildPhase section */
		1941528621A96A8300D0A7A3 /* Resources */ = {
			isa = PBXResourcesBuildPhase;
			buildActionMask = 2147483647;
			files = (
				190026B92252A76F0009F6F5 /* OpenSans-Regular.ttf in Resources */,
				1941529621A96A8400D0A7A3 /* LaunchScreen.storyboard in Resources */,
				190026BB2252A7790009F6F5 /* OpenSans-Bold.ttf in Resources */,
				198583562203112C00630FCE /* Localizable.strings in Resources */,
				19533A122241A2B80091095E /* OpenSans-Light.ttf in Resources */,
				1941529321A96A8400D0A7A3 /* Assets.xcassets in Resources */,
			);
			runOnlyForDeploymentPostprocessing = 0;
		};
/* End PBXResourcesBuildPhase section */

/* Begin PBXShellScriptBuildPhase section */
		200EE0A6D2FBDE9868DEB341 /* [CP] Embed Pods Frameworks */ = {
			isa = PBXShellScriptBuildPhase;
			buildActionMask = 2147483647;
			files = (
			);
			inputFileListPaths = (
			);
			inputPaths = (
				"${SRCROOT}/Pods/Target Support Files/Pods-skarbnik/Pods-skarbnik-frameworks.sh",
				"${BUILT_PRODUCTS_DIR}/NVActivityIndicatorView/NVActivityIndicatorView.framework",
				"${BUILT_PRODUCTS_DIR}/SnapKit/SnapKit.framework",
			);
			name = "[CP] Embed Pods Frameworks";
			outputFileListPaths = (
			);
			outputPaths = (
				"${TARGET_BUILD_DIR}/${FRAMEWORKS_FOLDER_PATH}/NVActivityIndicatorView.framework",
				"${TARGET_BUILD_DIR}/${FRAMEWORKS_FOLDER_PATH}/SnapKit.framework",
			);
			runOnlyForDeploymentPostprocessing = 0;
			shellPath = /bin/sh;
			shellScript = "\"${SRCROOT}/Pods/Target Support Files/Pods-skarbnik/Pods-skarbnik-frameworks.sh\"\n";
			showEnvVarsInLog = 0;
		};
		E0BB3ADCC4D92F937110383A /* [CP] Check Pods Manifest.lock */ = {
			isa = PBXShellScriptBuildPhase;
			buildActionMask = 2147483647;
			files = (
			);
			inputFileListPaths = (
			);
			inputPaths = (
				"${PODS_PODFILE_DIR_PATH}/Podfile.lock",
				"${PODS_ROOT}/Manifest.lock",
			);
			name = "[CP] Check Pods Manifest.lock";
			outputFileListPaths = (
			);
			outputPaths = (
				"$(DERIVED_FILE_DIR)/Pods-skarbnik-checkManifestLockResult.txt",
			);
			runOnlyForDeploymentPostprocessing = 0;
			shellPath = /bin/sh;
			shellScript = "diff \"${PODS_PODFILE_DIR_PATH}/Podfile.lock\" \"${PODS_ROOT}/Manifest.lock\" > /dev/null\nif [ $? != 0 ] ; then\n    # print error to STDERR\n    echo \"error: The sandbox is not in sync with the Podfile.lock. Run 'pod install' or update your CocoaPods installation.\" >&2\n    exit 1\nfi\n# This output is used by Xcode 'outputs' to avoid re-running this script phase.\necho \"SUCCESS\" > \"${SCRIPT_OUTPUT_FILE_0}\"\n";
			showEnvVarsInLog = 0;
		};
/* End PBXShellScriptBuildPhase section */

/* Begin PBXSourcesBuildPhase section */
		1941528421A96A8300D0A7A3 /* Sources */ = {
			isa = PBXSourcesBuildPhase;
			buildActionMask = 2147483647;
			files = (
				19484C372204594A006097CF /* MainCoordinator.swift in Sources */,
				19E38E1E223062F9006DE37B /* BigLabel.swift in Sources */,
				19E5E6442235E9B00084A026 /* ChangePasswordProtocool.swift in Sources */,
				195FC3B7228CBADB008BF80A /* ImagesViewDelegate.swift in Sources */,
				19A6A1CF224045FC005B1818 /* StartView.swift in Sources */,
				195FC3B5228C6404008BF80A /* Dot.swift in Sources */,
				193357ED221072B1000D922C /* TokenManager.swift in Sources */,
				1924039D21D0F16100F29E7E /* PaymentViewDelegate.swift in Sources */,
				1941528E21A96A8300D0A7A3 /* LoginViewController.swift in Sources */,
				191BD561229C58B600032B45 /* ContributionViewDelegate.swift in Sources */,
				1988D793223EFF20006A6A22 /* CoordinatorProtocol.swift in Sources */,
				19346239221E72F800EC6CBE /* ReminderView.swift in Sources */,
				19DEFC022231147C00BEFF8D /* ReminderModel.swift in Sources */,
				19B446C12262A0A10014121F /* DetailWithDescription.swift in Sources */,
				1947D58D220AF99E00C1D7D8 /* AsyncSafetyProtocool.swift in Sources */,
				1973B1F2220EDD1500EFB7AA /* CompulsoryPasswordChangeAlertController.swift in Sources */,
				1988D797223F1747006A6A22 /* PaymentCoordinator.swift in Sources */,
				19DF9F182236A41A006CE8FA /* LoginViewDelegate.swift in Sources */,
				194784E9220835C4000AE323 /* PickStudentAlertController.swift in Sources */,
				19A6A1CD224045F4005B1818 /* StartViewController.swift in Sources */,
				19461BAF223920A000D2E907 /* PayModel.swift in Sources */,
				19B446BB226296880014121F /* DetailsViewController.swift in Sources */,
				194D5EA72284BF4B008B3FF2 /* SearchField.swift in Sources */,
				19346237221E72A000EC6CBE /* ReminderViewController.swift in Sources */,
				197F583621D042CA0098F17B /* ClassPickViewProtocol.swift in Sources */,
				199F8F032201DB6700ABD4C2 /* OptionButton.swift in Sources */,
				190EC502223D9D510082E4AA /* Payment.swift in Sources */,
				1900F2D9220F05180040612A /* ChangePasswordModel.swift in Sources */,
				196A37C6220A4B4A00288808 /* NotificationNameExtensions.swift in Sources */,
				19BA4A702200DF890095D991 /* RaisedButton.swift in Sources */,
				19B446C5226528720014121F /* SlideInAnimationController.swift in Sources */,
				1947D589220AEEEE00C1D7D8 /* AsyncSafetyController.swift in Sources */,
				19A1D916225F51300012B09E /* AmountLabel.swift in Sources */,
				19B446BF226299160014121F /* DetailsView.swift in Sources */,
				194C18D42298A8AA00065D3F /* ContributionsViewController.swift in Sources */,
				195A09CF220BA600003A9CC2 /* LastLoginAttemptFailedAlertControler.swift in Sources */,
				194784E5220707C5000AE323 /* APIClient.swift in Sources */,
				19FC746021A9CAAD0019F1A5 /* PaymentViewController.swift in Sources */,
				19484C3B220461C1006097CF /* ChangePasswordViewController.swift in Sources */,
				19DEFC0422312C4400BEFF8D /* ReminderDelegate.swift in Sources */,
				19CA3D5B21C9B530009059B0 /* LoginView.swift in Sources */,
				19DF9F1622369CAB006CE8FA /* UIColorExtensions.swift in Sources */,
				194E989B223971EC0039CA66 /* ProgressableSlider.swift in Sources */,
				19BA4A742201013F0095D991 /* LightTextField.swift in Sources */,
				195FC3B1228B4680008BF80A /* ImagesViewController.swift in Sources */,
				19484C3D220466CA006097CF /* ChangePasswordView.swift in Sources */,
				194784ED2208C87B000AE323 /* PaymentModel.swift in Sources */,
				19E5E6422235E8C90084A026 /* PaymentCellDelegate.swift in Sources */,
				195FC3B3228B46DE008BF80A /* ImagesView.swift in Sources */,
				19B446BD226298FD0014121F /* DetailsModel.swift in Sources */,
				19461BAD22391D8800D2E907 /* PayView.swift in Sources */,
				19A4ADEB21E62AF100CC2E42 /* PaymentCellView.swift in Sources */,
				19461BAB22391D4B00D2E907 /* PayViewController.swift in Sources */,
				194784EB22083C53000AE323 /* PickStudentModel.swift in Sources */,
				1988D791223ECEEC006A6A22 /* PayViewDelegate.swift in Sources */,
				19B446C322637F5D0014121F /* DetailsViewDelegate.swift in Sources */,
				196DF59222869F8700C32C45 /* AlertBuilder.swift in Sources */,
				1947D58B220AF2BB00C1D7D8 /* AsyncSafetyModel.swift in Sources */,
				194C18D62298A98400065D3F /* ContributionsView.swift in Sources */,
				194784E7220793E7000AE323 /* LoginModel.swift in Sources */,
				19B446C7226538C00014121F /* Slideable.swift in Sources */,
				19D7065A21AFC38E00AE2546 /* PaymentView.swift in Sources */,
				1988D795223F01C3006A6A22 /* LoginCoordinator.swift in Sources */,
				19E38E2022307161006DE37B /* SegmentedControl.swift in Sources */,
				1941528C21A96A8300D0A7A3 /* AppDelegate.swift in Sources */,
			);
			runOnlyForDeploymentPostprocessing = 0;
		};
/* End PBXSourcesBuildPhase section */

/* Begin PBXVariantGroup section */
		1941529421A96A8400D0A7A3 /* LaunchScreen.storyboard */ = {
			isa = PBXVariantGroup;
			children = (
				1941529521A96A8400D0A7A3 /* Base */,
			);
			name = LaunchScreen.storyboard;
			sourceTree = "<group>";
		};
		198583582203112C00630FCE /* Localizable.strings */ = {
			isa = PBXVariantGroup;
			children = (
				198583572203112C00630FCE /* en */,
				198583592203113C00630FCE /* pl */,
			);
			name = Localizable.strings;
			sourceTree = "<group>";
		};
/* End PBXVariantGroup section */

/* Begin XCBuildConfiguration section */
		1941529821A96A8400D0A7A3 /* Debug */ = {
			isa = XCBuildConfiguration;
			buildSettings = {
				ALWAYS_SEARCH_USER_PATHS = NO;
				CLANG_ANALYZER_LOCALIZABILITY_NONLOCALIZED = YES;
				CLANG_ANALYZER_NONNULL = YES;
				CLANG_ANALYZER_NUMBER_OBJECT_CONVERSION = YES_AGGRESSIVE;
				CLANG_CXX_LANGUAGE_STANDARD = "gnu++14";
				CLANG_CXX_LIBRARY = "libc++";
				CLANG_ENABLE_MODULES = YES;
				CLANG_ENABLE_OBJC_ARC = YES;
				CLANG_ENABLE_OBJC_WEAK = YES;
				CLANG_WARN_BLOCK_CAPTURE_AUTORELEASING = YES;
				CLANG_WARN_BOOL_CONVERSION = YES;
				CLANG_WARN_COMMA = YES;
				CLANG_WARN_CONSTANT_CONVERSION = YES;
				CLANG_WARN_DEPRECATED_OBJC_IMPLEMENTATIONS = YES;
				CLANG_WARN_DIRECT_OBJC_ISA_USAGE = YES_ERROR;
				CLANG_WARN_DOCUMENTATION_COMMENTS = YES;
				CLANG_WARN_EMPTY_BODY = YES;
				CLANG_WARN_ENUM_CONVERSION = YES;
				CLANG_WARN_INFINITE_RECURSION = YES;
				CLANG_WARN_INT_CONVERSION = YES;
				CLANG_WARN_NON_LITERAL_NULL_CONVERSION = YES;
				CLANG_WARN_OBJC_IMPLICIT_RETAIN_SELF = YES;
				CLANG_WARN_OBJC_LITERAL_CONVERSION = YES;
				CLANG_WARN_OBJC_ROOT_CLASS = YES_ERROR;
				CLANG_WARN_RANGE_LOOP_ANALYSIS = YES;
				CLANG_WARN_STRICT_PROTOTYPES = YES;
				CLANG_WARN_SUSPICIOUS_MOVE = YES;
				CLANG_WARN_UNGUARDED_AVAILABILITY = YES_AGGRESSIVE;
				CLANG_WARN_UNREACHABLE_CODE = YES;
				CLANG_WARN__DUPLICATE_METHOD_MATCH = YES;
				CODE_SIGN_IDENTITY = "iPhone Developer";
				COPY_PHASE_STRIP = NO;
				DEBUG_INFORMATION_FORMAT = dwarf;
				ENABLE_STRICT_OBJC_MSGSEND = YES;
				ENABLE_TESTABILITY = YES;
				GCC_C_LANGUAGE_STANDARD = gnu11;
				GCC_DYNAMIC_NO_PIC = NO;
				GCC_NO_COMMON_BLOCKS = YES;
				GCC_OPTIMIZATION_LEVEL = 0;
				GCC_PREPROCESSOR_DEFINITIONS = (
					"DEBUG=1",
					"$(inherited)",
				);
				GCC_WARN_64_TO_32_BIT_CONVERSION = YES;
				GCC_WARN_ABOUT_RETURN_TYPE = YES_ERROR;
				GCC_WARN_UNDECLARED_SELECTOR = YES;
				GCC_WARN_UNINITIALIZED_AUTOS = YES_AGGRESSIVE;
				GCC_WARN_UNUSED_FUNCTION = YES;
				GCC_WARN_UNUSED_VARIABLE = YES;
				IPHONEOS_DEPLOYMENT_TARGET = 12.1;
				MTL_ENABLE_DEBUG_INFO = INCLUDE_SOURCE;
				MTL_FAST_MATH = YES;
				ONLY_ACTIVE_ARCH = YES;
				SDKROOT = iphoneos;
				SWIFT_ACTIVE_COMPILATION_CONDITIONS = DEBUG;
				SWIFT_OPTIMIZATION_LEVEL = "-Onone";
			};
			name = Debug;
		};
		1941529921A96A8400D0A7A3 /* Release */ = {
			isa = XCBuildConfiguration;
			buildSettings = {
				ALWAYS_SEARCH_USER_PATHS = NO;
				CLANG_ANALYZER_LOCALIZABILITY_NONLOCALIZED = YES;
				CLANG_ANALYZER_NONNULL = YES;
				CLANG_ANALYZER_NUMBER_OBJECT_CONVERSION = YES_AGGRESSIVE;
				CLANG_CXX_LANGUAGE_STANDARD = "gnu++14";
				CLANG_CXX_LIBRARY = "libc++";
				CLANG_ENABLE_MODULES = YES;
				CLANG_ENABLE_OBJC_ARC = YES;
				CLANG_ENABLE_OBJC_WEAK = YES;
				CLANG_WARN_BLOCK_CAPTURE_AUTORELEASING = YES;
				CLANG_WARN_BOOL_CONVERSION = YES;
				CLANG_WARN_COMMA = YES;
				CLANG_WARN_CONSTANT_CONVERSION = YES;
				CLANG_WARN_DEPRECATED_OBJC_IMPLEMENTATIONS = YES;
				CLANG_WARN_DIRECT_OBJC_ISA_USAGE = YES_ERROR;
				CLANG_WARN_DOCUMENTATION_COMMENTS = YES;
				CLANG_WARN_EMPTY_BODY = YES;
				CLANG_WARN_ENUM_CONVERSION = YES;
				CLANG_WARN_INFINITE_RECURSION = YES;
				CLANG_WARN_INT_CONVERSION = YES;
				CLANG_WARN_NON_LITERAL_NULL_CONVERSION = YES;
				CLANG_WARN_OBJC_IMPLICIT_RETAIN_SELF = YES;
				CLANG_WARN_OBJC_LITERAL_CONVERSION = YES;
				CLANG_WARN_OBJC_ROOT_CLASS = YES_ERROR;
				CLANG_WARN_RANGE_LOOP_ANALYSIS = YES;
				CLANG_WARN_STRICT_PROTOTYPES = YES;
				CLANG_WARN_SUSPICIOUS_MOVE = YES;
				CLANG_WARN_UNGUARDED_AVAILABILITY = YES_AGGRESSIVE;
				CLANG_WARN_UNREACHABLE_CODE = YES;
				CLANG_WARN__DUPLICATE_METHOD_MATCH = YES;
				CODE_SIGN_IDENTITY = "iPhone Developer";
				COPY_PHASE_STRIP = NO;
				DEBUG_INFORMATION_FORMAT = "dwarf-with-dsym";
				ENABLE_NS_ASSERTIONS = NO;
				ENABLE_STRICT_OBJC_MSGSEND = YES;
				GCC_C_LANGUAGE_STANDARD = gnu11;
				GCC_NO_COMMON_BLOCKS = YES;
				GCC_WARN_64_TO_32_BIT_CONVERSION = YES;
				GCC_WARN_ABOUT_RETURN_TYPE = YES_ERROR;
				GCC_WARN_UNDECLARED_SELECTOR = YES;
				GCC_WARN_UNINITIALIZED_AUTOS = YES_AGGRESSIVE;
				GCC_WARN_UNUSED_FUNCTION = YES;
				GCC_WARN_UNUSED_VARIABLE = YES;
				IPHONEOS_DEPLOYMENT_TARGET = 12.1;
				MTL_ENABLE_DEBUG_INFO = NO;
				MTL_FAST_MATH = YES;
				SDKROOT = iphoneos;
				SWIFT_COMPILATION_MODE = wholemodule;
				SWIFT_OPTIMIZATION_LEVEL = "-O";
				VALIDATE_PRODUCT = YES;
			};
			name = Release;
		};
		1941529B21A96A8400D0A7A3 /* Debug */ = {
			isa = XCBuildConfiguration;
			baseConfigurationReference = 057D5E9F630CB27DA4C323B9 /* Pods-skarbnik.debug.xcconfig */;
			buildSettings = {
				ASSETCATALOG_COMPILER_APPICON_NAME = AppIcon;
				CODE_SIGN_IDENTITY = "iPhone Developer";
				CODE_SIGN_STYLE = Automatic;
				DEVELOPMENT_TEAM = CUAEE97JF5;
				INFOPLIST_FILE = skarbnik/Info.plist;
				LD_RUNPATH_SEARCH_PATHS = (
					"$(inherited)",
					"@executable_path/Frameworks",
				);
				PRODUCT_BUNDLE_IDENTIFIER = towarek.skarbnik;
				PRODUCT_NAME = "$(TARGET_NAME)";
				PROVISIONING_PROFILE_SPECIFIER = "";
				SERVER_URL = "";
				SWIFT_VERSION = 4.2;
				TARGETED_DEVICE_FAMILY = 1;
			};
			name = Debug;
		};
		1941529C21A96A8400D0A7A3 /* Release */ = {
			isa = XCBuildConfiguration;
			baseConfigurationReference = A2BC1FB130ECB23CB86B48F2 /* Pods-skarbnik.release.xcconfig */;
			buildSettings = {
				ASSETCATALOG_COMPILER_APPICON_NAME = AppIcon;
				CODE_SIGN_IDENTITY = "iPhone Developer";
				CODE_SIGN_STYLE = Automatic;
				DEVELOPMENT_TEAM = CUAEE97JF5;
				INFOPLIST_FILE = skarbnik/Info.plist;
				LD_RUNPATH_SEARCH_PATHS = (
					"$(inherited)",
					"@executable_path/Frameworks",
				);
				PRODUCT_BUNDLE_IDENTIFIER = towarek.skarbnik;
				PRODUCT_NAME = "$(TARGET_NAME)";
				PROVISIONING_PROFILE_SPECIFIER = "";
				SERVER_URL = "";
				SWIFT_VERSION = 4.2;
				TARGETED_DEVICE_FAMILY = 1;
			};
			name = Release;
		};
		19A7402E21EE8918009BC735 /* Staging Debug */ = {
			isa = XCBuildConfiguration;
			buildSettings = {
				ALWAYS_SEARCH_USER_PATHS = NO;
				CLANG_ANALYZER_LOCALIZABILITY_NONLOCALIZED = YES;
				CLANG_ANALYZER_NONNULL = YES;
				CLANG_ANALYZER_NUMBER_OBJECT_CONVERSION = YES_AGGRESSIVE;
				CLANG_CXX_LANGUAGE_STANDARD = "gnu++14";
				CLANG_CXX_LIBRARY = "libc++";
				CLANG_ENABLE_MODULES = YES;
				CLANG_ENABLE_OBJC_ARC = YES;
				CLANG_ENABLE_OBJC_WEAK = YES;
				CLANG_WARN_BLOCK_CAPTURE_AUTORELEASING = YES;
				CLANG_WARN_BOOL_CONVERSION = YES;
				CLANG_WARN_COMMA = YES;
				CLANG_WARN_CONSTANT_CONVERSION = YES;
				CLANG_WARN_DEPRECATED_OBJC_IMPLEMENTATIONS = YES;
				CLANG_WARN_DIRECT_OBJC_ISA_USAGE = YES_ERROR;
				CLANG_WARN_DOCUMENTATION_COMMENTS = YES;
				CLANG_WARN_EMPTY_BODY = YES;
				CLANG_WARN_ENUM_CONVERSION = YES;
				CLANG_WARN_INFINITE_RECURSION = YES;
				CLANG_WARN_INT_CONVERSION = YES;
				CLANG_WARN_NON_LITERAL_NULL_CONVERSION = YES;
				CLANG_WARN_OBJC_IMPLICIT_RETAIN_SELF = YES;
				CLANG_WARN_OBJC_LITERAL_CONVERSION = YES;
				CLANG_WARN_OBJC_ROOT_CLASS = YES_ERROR;
				CLANG_WARN_RANGE_LOOP_ANALYSIS = YES;
				CLANG_WARN_STRICT_PROTOTYPES = YES;
				CLANG_WARN_SUSPICIOUS_MOVE = YES;
				CLANG_WARN_UNGUARDED_AVAILABILITY = YES_AGGRESSIVE;
				CLANG_WARN_UNREACHABLE_CODE = YES;
				CLANG_WARN__DUPLICATE_METHOD_MATCH = YES;
				CODE_SIGN_IDENTITY = "iPhone Developer";
				COPY_PHASE_STRIP = NO;
				DEBUG_INFORMATION_FORMAT = dwarf;
				ENABLE_STRICT_OBJC_MSGSEND = YES;
				ENABLE_TESTABILITY = YES;
				GCC_C_LANGUAGE_STANDARD = gnu11;
				GCC_DYNAMIC_NO_PIC = NO;
				GCC_NO_COMMON_BLOCKS = YES;
				GCC_OPTIMIZATION_LEVEL = 0;
				GCC_PREPROCESSOR_DEFINITIONS = (
					"DEBUG=1",
					"$(inherited)",
				);
				GCC_WARN_64_TO_32_BIT_CONVERSION = YES;
				GCC_WARN_ABOUT_RETURN_TYPE = YES_ERROR;
				GCC_WARN_UNDECLARED_SELECTOR = YES;
				GCC_WARN_UNINITIALIZED_AUTOS = YES_AGGRESSIVE;
				GCC_WARN_UNUSED_FUNCTION = YES;
				GCC_WARN_UNUSED_VARIABLE = YES;
				IPHONEOS_DEPLOYMENT_TARGET = 12.1;
				MTL_ENABLE_DEBUG_INFO = INCLUDE_SOURCE;
				MTL_FAST_MATH = YES;
				ONLY_ACTIVE_ARCH = YES;
				SDKROOT = iphoneos;
				SWIFT_ACTIVE_COMPILATION_CONDITIONS = DEBUG;
				SWIFT_OPTIMIZATION_LEVEL = "-Onone";
			};
			name = "Staging Debug";
		};
		19A7402F21EE8918009BC735 /* Staging Debug */ = {
			isa = XCBuildConfiguration;
			baseConfigurationReference = 2CBF680440CCE5CBDA7F805F /* Pods-skarbnik.staging debug.xcconfig */;
			buildSettings = {
				ASSETCATALOG_COMPILER_APPICON_NAME = AppIcon;
				CODE_SIGN_IDENTITY = "iPhone Developer";
				CODE_SIGN_STYLE = Automatic;
				DEVELOPMENT_TEAM = CUAEE97JF5;
				INFOPLIST_FILE = skarbnik/Info.plist;
				LD_RUNPATH_SEARCH_PATHS = (
					"$(inherited)",
					"@executable_path/Frameworks",
				);
				PRODUCT_BUNDLE_IDENTIFIER = towarek.skarbnik;
				PRODUCT_NAME = "$(TARGET_NAME)";
				PROVISIONING_PROFILE_SPECIFIER = "";
				SERVER_URL = "https://www.stagingserverurl.com";
				SWIFT_VERSION = 4.2;
				TARGETED_DEVICE_FAMILY = 1;
			};
			name = "Staging Debug";
		};
		19A7403021EE8933009BC735 /* Staging Release */ = {
			isa = XCBuildConfiguration;
			buildSettings = {
				ALWAYS_SEARCH_USER_PATHS = NO;
				CLANG_ANALYZER_LOCALIZABILITY_NONLOCALIZED = YES;
				CLANG_ANALYZER_NONNULL = YES;
				CLANG_ANALYZER_NUMBER_OBJECT_CONVERSION = YES_AGGRESSIVE;
				CLANG_CXX_LANGUAGE_STANDARD = "gnu++14";
				CLANG_CXX_LIBRARY = "libc++";
				CLANG_ENABLE_MODULES = YES;
				CLANG_ENABLE_OBJC_ARC = YES;
				CLANG_ENABLE_OBJC_WEAK = YES;
				CLANG_WARN_BLOCK_CAPTURE_AUTORELEASING = YES;
				CLANG_WARN_BOOL_CONVERSION = YES;
				CLANG_WARN_COMMA = YES;
				CLANG_WARN_CONSTANT_CONVERSION = YES;
				CLANG_WARN_DEPRECATED_OBJC_IMPLEMENTATIONS = YES;
				CLANG_WARN_DIRECT_OBJC_ISA_USAGE = YES_ERROR;
				CLANG_WARN_DOCUMENTATION_COMMENTS = YES;
				CLANG_WARN_EMPTY_BODY = YES;
				CLANG_WARN_ENUM_CONVERSION = YES;
				CLANG_WARN_INFINITE_RECURSION = YES;
				CLANG_WARN_INT_CONVERSION = YES;
				CLANG_WARN_NON_LITERAL_NULL_CONVERSION = YES;
				CLANG_WARN_OBJC_IMPLICIT_RETAIN_SELF = YES;
				CLANG_WARN_OBJC_LITERAL_CONVERSION = YES;
				CLANG_WARN_OBJC_ROOT_CLASS = YES_ERROR;
				CLANG_WARN_RANGE_LOOP_ANALYSIS = YES;
				CLANG_WARN_STRICT_PROTOTYPES = YES;
				CLANG_WARN_SUSPICIOUS_MOVE = YES;
				CLANG_WARN_UNGUARDED_AVAILABILITY = YES_AGGRESSIVE;
				CLANG_WARN_UNREACHABLE_CODE = YES;
				CLANG_WARN__DUPLICATE_METHOD_MATCH = YES;
				CODE_SIGN_IDENTITY = "iPhone Developer";
				COPY_PHASE_STRIP = NO;
				DEBUG_INFORMATION_FORMAT = "dwarf-with-dsym";
				ENABLE_NS_ASSERTIONS = NO;
				ENABLE_STRICT_OBJC_MSGSEND = YES;
				GCC_C_LANGUAGE_STANDARD = gnu11;
				GCC_NO_COMMON_BLOCKS = YES;
				GCC_WARN_64_TO_32_BIT_CONVERSION = YES;
				GCC_WARN_ABOUT_RETURN_TYPE = YES_ERROR;
				GCC_WARN_UNDECLARED_SELECTOR = YES;
				GCC_WARN_UNINITIALIZED_AUTOS = YES_AGGRESSIVE;
				GCC_WARN_UNUSED_FUNCTION = YES;
				GCC_WARN_UNUSED_VARIABLE = YES;
				IPHONEOS_DEPLOYMENT_TARGET = 12.1;
				MTL_ENABLE_DEBUG_INFO = NO;
				MTL_FAST_MATH = YES;
				SDKROOT = iphoneos;
				SWIFT_COMPILATION_MODE = wholemodule;
				SWIFT_OPTIMIZATION_LEVEL = "-O";
				VALIDATE_PRODUCT = YES;
			};
			name = "Staging Release";
		};
		19A7403121EE8933009BC735 /* Staging Release */ = {
			isa = XCBuildConfiguration;
			baseConfigurationReference = E3FEE6D5B71C0D48C9735324 /* Pods-skarbnik.staging release.xcconfig */;
			buildSettings = {
				ASSETCATALOG_COMPILER_APPICON_NAME = AppIcon;
				CODE_SIGN_IDENTITY = "iPhone Developer";
				CODE_SIGN_STYLE = Automatic;
				DEVELOPMENT_TEAM = CUAEE97JF5;
				INFOPLIST_FILE = skarbnik/Info.plist;
				LD_RUNPATH_SEARCH_PATHS = (
					"$(inherited)",
					"@executable_path/Frameworks",
				);
				PRODUCT_BUNDLE_IDENTIFIER = towarek.skarbnik;
				PRODUCT_NAME = "$(TARGET_NAME)";
				PROVISIONING_PROFILE_SPECIFIER = "";
				SERVER_URL = "https://www.stagingserverurl.com";
				SWIFT_VERSION = 4.2;
				TARGETED_DEVICE_FAMILY = 1;
			};
			name = "Staging Release";
		};
/* End XCBuildConfiguration section */

/* Begin XCConfigurationList section */
		1941528321A96A8300D0A7A3 /* Build configuration list for PBXProject "skarbnik" */ = {
			isa = XCConfigurationList;
			buildConfigurations = (
				1941529821A96A8400D0A7A3 /* Debug */,
				19A7402E21EE8918009BC735 /* Staging Debug */,
				1941529921A96A8400D0A7A3 /* Release */,
				19A7403021EE8933009BC735 /* Staging Release */,
			);
			defaultConfigurationIsVisible = 0;
			defaultConfigurationName = Release;
		};
		1941529A21A96A8400D0A7A3 /* Build configuration list for PBXNativeTarget "skarbnik" */ = {
			isa = XCConfigurationList;
			buildConfigurations = (
				1941529B21A96A8400D0A7A3 /* Debug */,
				19A7402F21EE8918009BC735 /* Staging Debug */,
				1941529C21A96A8400D0A7A3 /* Release */,
				19A7403121EE8933009BC735 /* Staging Release */,
			);
			defaultConfigurationIsVisible = 0;
			defaultConfigurationName = Release;
		};
/* End XCConfigurationList section */
	};
	rootObject = 1941528021A96A8300D0A7A3 /* Project object */;
}
