// !$*UTF8*$!
{
	archiveVersion = 1;
	classes = {
	};
	objectVersion = 50;
	objects = {

/* Begin PBXBuildFile section */
		1904C22F21A9F99300477024 /* PaymentModel.swift in Sources */ = {isa = PBXBuildFile; fileRef = 1904C22E21A9F99300477024 /* PaymentModel.swift */; };
		1904C23121A9FA6A00477024 /* PaymentCellView.swift in Sources */ = {isa = PBXBuildFile; fileRef = 1904C23021A9FA6A00477024 /* PaymentCellView.swift */; };
		1938EFCF21CC60DE00A3CA40 /* LoginController.swift in Sources */ = {isa = PBXBuildFile; fileRef = 1938EFCD21CC60DE00A3CA40 /* LoginController.swift */; };
		1938EFD021CC60DE00A3CA40 /* CellController.swift in Sources */ = {isa = PBXBuildFile; fileRef = 1938EFCE21CC60DE00A3CA40 /* CellController.swift */; };
		1941528C21A96A8300D0A7A3 /* AppDelegate.swift in Sources */ = {isa = PBXBuildFile; fileRef = 1941528B21A96A8300D0A7A3 /* AppDelegate.swift */; };
		1941528E21A96A8300D0A7A3 /* LoginViewController.swift in Sources */ = {isa = PBXBuildFile; fileRef = 1941528D21A96A8300D0A7A3 /* LoginViewController.swift */; };
		1941529321A96A8400D0A7A3 /* Assets.xcassets in Resources */ = {isa = PBXBuildFile; fileRef = 1941529221A96A8400D0A7A3 /* Assets.xcassets */; };
		1941529621A96A8400D0A7A3 /* LaunchScreen.storyboard in Resources */ = {isa = PBXBuildFile; fileRef = 1941529421A96A8400D0A7A3 /* LaunchScreen.storyboard */; };
		19549A0021CD3273009C994C /* ClassPickView.swift in Sources */ = {isa = PBXBuildFile; fileRef = 195499FF21CD3273009C994C /* ClassPickView.swift */; };
		19549A0221CD3284009C994C /* ClassPickViewController.swift in Sources */ = {isa = PBXBuildFile; fileRef = 19549A0121CD3284009C994C /* ClassPickViewController.swift */; };
		19CA3D5B21C9B530009059B0 /* LoginView.swift in Sources */ = {isa = PBXBuildFile; fileRef = 19CA3D5A21C9B530009059B0 /* LoginView.swift */; };
		19CA3D5F21CAE272009059B0 /* UserModel.swift in Sources */ = {isa = PBXBuildFile; fileRef = 19CA3D5E21CAE272009059B0 /* UserModel.swift */; };
		19D7065A21AFC38E00AE2546 /* PaymentView.swift in Sources */ = {isa = PBXBuildFile; fileRef = 19D7065921AFC38E00AE2546 /* PaymentView.swift */; };
		19FC745921A990670019F1A5 /* LoginModel.swift in Sources */ = {isa = PBXBuildFile; fileRef = 19FC745821A990670019F1A5 /* LoginModel.swift */; };
		19FC745E21A9922A0019F1A5 /* loginViewProtocol.swift in Sources */ = {isa = PBXBuildFile; fileRef = 19FC745D21A9922A0019F1A5 /* loginViewProtocol.swift */; };
		19FC746021A9CAAD0019F1A5 /* PaymentViewController.swift in Sources */ = {isa = PBXBuildFile; fileRef = 19FC745F21A9CAAD0019F1A5 /* PaymentViewController.swift */; };
		BE696A9220E8CF489971B093 /* Pods_skarbnik.framework in Frameworks */ = {isa = PBXBuildFile; fileRef = 1C5EBE3878ECED711E1D7895 /* Pods_skarbnik.framework */; };
/* End PBXBuildFile section */

/* Begin PBXFileReference section */
		037060D2712CDB4853EA5A57 /* Pods-skarbnik.debug.xcconfig */ = {isa = PBXFileReference; includeInIndex = 1; lastKnownFileType = text.xcconfig; name = "Pods-skarbnik.debug.xcconfig"; path = "Pods/Target Support Files/Pods-skarbnik/Pods-skarbnik.debug.xcconfig"; sourceTree = "<group>"; };
		1904C22E21A9F99300477024 /* PaymentModel.swift */ = {isa = PBXFileReference; fileEncoding = 4; lastKnownFileType = sourcecode.swift; path = PaymentModel.swift; sourceTree = "<group>"; };
		1904C23021A9FA6A00477024 /* PaymentCellView.swift */ = {isa = PBXFileReference; fileEncoding = 4; lastKnownFileType = sourcecode.swift; name = PaymentCellView.swift; path = ../../../../PaymentCellView.swift; sourceTree = "<group>"; };
		1938EFCD21CC60DE00A3CA40 /* LoginController.swift */ = {isa = PBXFileReference; fileEncoding = 4; lastKnownFileType = sourcecode.swift; path = LoginController.swift; sourceTree = "<group>"; };
		1938EFCE21CC60DE00A3CA40 /* CellController.swift */ = {isa = PBXFileReference; fileEncoding = 4; lastKnownFileType = sourcecode.swift; path = CellController.swift; sourceTree = "<group>"; };
		1941528821A96A8300D0A7A3 /* skarbnik.app */ = {isa = PBXFileReference; explicitFileType = wrapper.application; includeInIndex = 0; path = skarbnik.app; sourceTree = BUILT_PRODUCTS_DIR; };
		1941528B21A96A8300D0A7A3 /* AppDelegate.swift */ = {isa = PBXFileReference; lastKnownFileType = sourcecode.swift; path = AppDelegate.swift; sourceTree = "<group>"; };
		1941528D21A96A8300D0A7A3 /* LoginViewController.swift */ = {isa = PBXFileReference; lastKnownFileType = sourcecode.swift; path = LoginViewController.swift; sourceTree = "<group>"; };
		1941529221A96A8400D0A7A3 /* Assets.xcassets */ = {isa = PBXFileReference; lastKnownFileType = folder.assetcatalog; path = Assets.xcassets; sourceTree = "<group>"; };
		1941529521A96A8400D0A7A3 /* Base */ = {isa = PBXFileReference; lastKnownFileType = file.storyboard; name = Base; path = Base.lproj/LaunchScreen.storyboard; sourceTree = "<group>"; };
		1941529721A96A8400D0A7A3 /* Info.plist */ = {isa = PBXFileReference; lastKnownFileType = text.plist.xml; path = Info.plist; sourceTree = "<group>"; };
		195499FF21CD3273009C994C /* ClassPickView.swift */ = {isa = PBXFileReference; lastKnownFileType = sourcecode.swift; path = ClassPickView.swift; sourceTree = "<group>"; };
		19549A0121CD3284009C994C /* ClassPickViewController.swift */ = {isa = PBXFileReference; lastKnownFileType = sourcecode.swift; path = ClassPickViewController.swift; sourceTree = "<group>"; };
		19CA3D5A21C9B530009059B0 /* LoginView.swift */ = {isa = PBXFileReference; lastKnownFileType = sourcecode.swift; path = LoginView.swift; sourceTree = "<group>"; };
		19CA3D5E21CAE272009059B0 /* UserModel.swift */ = {isa = PBXFileReference; lastKnownFileType = sourcecode.swift; path = UserModel.swift; sourceTree = "<group>"; };
		19D7065921AFC38E00AE2546 /* PaymentView.swift */ = {isa = PBXFileReference; lastKnownFileType = sourcecode.swift; path = PaymentView.swift; sourceTree = "<group>"; };
		19FC745821A990670019F1A5 /* LoginModel.swift */ = {isa = PBXFileReference; lastKnownFileType = sourcecode.swift; path = LoginModel.swift; sourceTree = "<group>"; };
		19FC745D21A9922A0019F1A5 /* loginViewProtocol.swift */ = {isa = PBXFileReference; lastKnownFileType = sourcecode.swift; path = loginViewProtocol.swift; sourceTree = "<group>"; };
		19FC745F21A9CAAD0019F1A5 /* PaymentViewController.swift */ = {isa = PBXFileReference; lastKnownFileType = sourcecode.swift; path = PaymentViewController.swift; sourceTree = "<group>"; };
		1C5EBE3878ECED711E1D7895 /* Pods_skarbnik.framework */ = {isa = PBXFileReference; explicitFileType = wrapper.framework; includeInIndex = 0; path = Pods_skarbnik.framework; sourceTree = BUILT_PRODUCTS_DIR; };
		A3127D522E2219D2ED2CCF0B /* Pods-skarbnik.release.xcconfig */ = {isa = PBXFileReference; includeInIndex = 1; lastKnownFileType = text.xcconfig; name = "Pods-skarbnik.release.xcconfig"; path = "Pods/Target Support Files/Pods-skarbnik/Pods-skarbnik.release.xcconfig"; sourceTree = "<group>"; };
/* End PBXFileReference section */

/* Begin PBXFrameworksBuildPhase section */
		1941528521A96A8300D0A7A3 /* Frameworks */ = {
			isa = PBXFrameworksBuildPhase;
			buildActionMask = 2147483647;
			files = (
				BE696A9220E8CF489971B093 /* Pods_skarbnik.framework in Frameworks */,
			);
			runOnlyForDeploymentPostprocessing = 0;
		};
/* End PBXFrameworksBuildPhase section */

/* Begin PBXGroup section */
		1941527F21A96A8300D0A7A3 = {
			isa = PBXGroup;
			children = (
				1941528A21A96A8300D0A7A3 /* skarbnik */,
				1941528921A96A8300D0A7A3 /* Products */,
				1F3913BE216E9B2336AD1727 /* Pods */,
				88F166082859D2826B2F0BA5 /* Frameworks */,
			);
			sourceTree = "<group>";
		};
		1941528921A96A8300D0A7A3 /* Products */ = {
			isa = PBXGroup;
			children = (
				1941528821A96A8300D0A7A3 /* skarbnik.app */,
			);
			name = Products;
			sourceTree = "<group>";
		};
		1941528A21A96A8300D0A7A3 /* skarbnik */ = {
			isa = PBXGroup;
			children = (
				19FC745C21A992170019F1A5 /* Helper */,
				1941529D21A96CDC00D0A7A3 /* Model */,
				1941529E21A96CE200D0A7A3 /* View */,
				1941529F21A96CEC00D0A7A3 /* Controller */,
				1941528B21A96A8300D0A7A3 /* AppDelegate.swift */,
				1941529221A96A8400D0A7A3 /* Assets.xcassets */,
				1941529421A96A8400D0A7A3 /* LaunchScreen.storyboard */,
				1941529721A96A8400D0A7A3 /* Info.plist */,
			);
			path = skarbnik;
			sourceTree = "<group>";
		};
		1941529D21A96CDC00D0A7A3 /* Model */ = {
			isa = PBXGroup;
			children = (
				1904C22E21A9F99300477024 /* PaymentModel.swift */,
				19FC745821A990670019F1A5 /* LoginModel.swift */,
				19CA3D5E21CAE272009059B0 /* UserModel.swift */,
			);
			path = Model;
			sourceTree = "<group>";
		};
		1941529E21A96CE200D0A7A3 /* View */ = {
			isa = PBXGroup;
			children = (
				1904C23021A9FA6A00477024 /* PaymentCellView.swift */,
				19D7065921AFC38E00AE2546 /* PaymentView.swift */,
				19CA3D5A21C9B530009059B0 /* LoginView.swift */,
				195499FF21CD3273009C994C /* ClassPickView.swift */,
			);
			path = View;
			sourceTree = "<group>";
		};
		1941529F21A96CEC00D0A7A3 /* Controller */ = {
			isa = PBXGroup;
			children = (
				1938EFCE21CC60DE00A3CA40 /* CellController.swift */,
				1938EFCD21CC60DE00A3CA40 /* LoginController.swift */,
				1941528D21A96A8300D0A7A3 /* LoginViewController.swift */,
				19FC745F21A9CAAD0019F1A5 /* PaymentViewController.swift */,
				19549A0121CD3284009C994C /* ClassPickViewController.swift */,
			);
			path = Controller;
			sourceTree = "<group>";
		};
		19FC745C21A992170019F1A5 /* Helper */ = {
			isa = PBXGroup;
			children = (
				19FC745D21A9922A0019F1A5 /* loginViewProtocol.swift */,
			);
			path = Helper;
			sourceTree = "<group>";
		};
		1F3913BE216E9B2336AD1727 /* Pods */ = {
			isa = PBXGroup;
			children = (
				037060D2712CDB4853EA5A57 /* Pods-skarbnik.debug.xcconfig */,
				A3127D522E2219D2ED2CCF0B /* Pods-skarbnik.release.xcconfig */,
			);
			name = Pods;
			sourceTree = "<group>";
		};
		88F166082859D2826B2F0BA5 /* Frameworks */ = {
			isa = PBXGroup;
			children = (
				1C5EBE3878ECED711E1D7895 /* Pods_skarbnik.framework */,
			);
			name = Frameworks;
			sourceTree = "<group>";
		};
/* End PBXGroup section */

/* Begin PBXNativeTarget section */
		1941528721A96A8300D0A7A3 /* skarbnik */ = {
			isa = PBXNativeTarget;
			buildConfigurationList = 1941529A21A96A8400D0A7A3 /* Build configuration list for PBXNativeTarget "skarbnik" */;
			buildPhases = (
				0705A4C79E388B29795C51C2 /* [CP] Check Pods Manifest.lock */,
				1941528421A96A8300D0A7A3 /* Sources */,
				1941528521A96A8300D0A7A3 /* Frameworks */,
				1941528621A96A8300D0A7A3 /* Resources */,
				1B03CD09FA49C51B902466FC /* [CP] Embed Pods Frameworks */,
			);
			buildRules = (
			);
			dependencies = (
			);
			name = skarbnik;
			productName = skarbinik;
			productReference = 1941528821A96A8300D0A7A3 /* skarbnik.app */;
			productType = "com.apple.product-type.application";
		};
/* End PBXNativeTarget section */

/* Begin PBXProject section */
		1941528021A96A8300D0A7A3 /* Project object */ = {
			isa = PBXProject;
			attributes = {
				LastSwiftUpdateCheck = 1010;
				LastUpgradeCheck = 1010;
				ORGANIZATIONNAME = "Jakub Towarek";
				TargetAttributes = {
					1941528721A96A8300D0A7A3 = {
						CreatedOnToolsVersion = 10.1;
					};
				};
			};
			buildConfigurationList = 1941528321A96A8300D0A7A3 /* Build configuration list for PBXProject "skarbnik" */;
			compatibilityVersion = "Xcode 9.3";
			developmentRegion = en;
			hasScannedForEncodings = 0;
			knownRegions = (
				en,
				Base,
			);
			mainGroup = 1941527F21A96A8300D0A7A3;
			productRefGroup = 1941528921A96A8300D0A7A3 /* Products */;
			projectDirPath = "";
			projectRoot = "";
			targets = (
				1941528721A96A8300D0A7A3 /* skarbnik */,
			);
		};
/* End PBXProject section */

/* Begin PBXResourcesBuildPhase section */
		1941528621A96A8300D0A7A3 /* Resources */ = {
			isa = PBXResourcesBuildPhase;
			buildActionMask = 2147483647;
			files = (
				1941529621A96A8400D0A7A3 /* LaunchScreen.storyboard in Resources */,
				1941529321A96A8400D0A7A3 /* Assets.xcassets in Resources */,
			);
			runOnlyForDeploymentPostprocessing = 0;
		};
/* End PBXResourcesBuildPhase section */

/* Begin PBXShellScriptBuildPhase section */
		0705A4C79E388B29795C51C2 /* [CP] Check Pods Manifest.lock */ = {
			isa = PBXShellScriptBuildPhase;
			buildActionMask = 2147483647;
			files = (
			);
			inputFileListPaths = (
			);
			inputPaths = (
				"${PODS_PODFILE_DIR_PATH}/Podfile.lock",
				"${PODS_ROOT}/Manifest.lock",
			);
			name = "[CP] Check Pods Manifest.lock";
			outputFileListPaths = (
			);
			outputPaths = (
				"$(DERIVED_FILE_DIR)/Pods-skarbnik-checkManifestLockResult.txt",
			);
			runOnlyForDeploymentPostprocessing = 0;
			shellPath = /bin/sh;
			shellScript = "diff \"${PODS_PODFILE_DIR_PATH}/Podfile.lock\" \"${PODS_ROOT}/Manifest.lock\" > /dev/null\nif [ $? != 0 ] ; then\n    # print error to STDERR\n    echo \"error: The sandbox is not in sync with the Podfile.lock. Run 'pod install' or update your CocoaPods installation.\" >&2\n    exit 1\nfi\n# This output is used by Xcode 'outputs' to avoid re-running this script phase.\necho \"SUCCESS\" > \"${SCRIPT_OUTPUT_FILE_0}\"\n";
			showEnvVarsInLog = 0;
		};
		1B03CD09FA49C51B902466FC /* [CP] Embed Pods Frameworks */ = {
			isa = PBXShellScriptBuildPhase;
			buildActionMask = 2147483647;
			files = (
			);
			inputFileListPaths = (
			);
			inputPaths = (
				"${SRCROOT}/Pods/Target Support Files/Pods-skarbnik/Pods-skarbnik-frameworks.sh",
				"${BUILT_PRODUCTS_DIR}/Material/Material.framework",
				"${BUILT_PRODUCTS_DIR}/Motion/Motion.framework",
				"${BUILT_PRODUCTS_DIR}/SCLAlertView/SCLAlertView.framework",
				"${BUILT_PRODUCTS_DIR}/SnapKit/SnapKit.framework",
			);
			name = "[CP] Embed Pods Frameworks";
			outputFileListPaths = (
			);
			outputPaths = (
				"${TARGET_BUILD_DIR}/${FRAMEWORKS_FOLDER_PATH}/Material.framework",
				"${TARGET_BUILD_DIR}/${FRAMEWORKS_FOLDER_PATH}/Motion.framework",
				"${TARGET_BUILD_DIR}/${FRAMEWORKS_FOLDER_PATH}/SCLAlertView.framework",
				"${TARGET_BUILD_DIR}/${FRAMEWORKS_FOLDER_PATH}/SnapKit.framework",
			);
			runOnlyForDeploymentPostprocessing = 0;
			shellPath = /bin/sh;
			shellScript = "\"${SRCROOT}/Pods/Target Support Files/Pods-skarbnik/Pods-skarbnik-frameworks.sh\"\n";
			showEnvVarsInLog = 0;
		};
/* End PBXShellScriptBuildPhase section */

/* Begin PBXSourcesBuildPhase section */
		1941528421A96A8300D0A7A3 /* Sources */ = {
			isa = PBXSourcesBuildPhase;
			buildActionMask = 2147483647;
			files = (
				1938EFCF21CC60DE00A3CA40 /* LoginController.swift in Sources */,
				19549A0021CD3273009C994C /* ClassPickView.swift in Sources */,
				1941528E21A96A8300D0A7A3 /* LoginViewController.swift in Sources */,
				19CA3D5F21CAE272009059B0 /* UserModel.swift in Sources */,
				19549A0221CD3284009C994C /* ClassPickViewController.swift in Sources */,
				1938EFD021CC60DE00A3CA40 /* CellController.swift in Sources */,
				1904C23121A9FA6A00477024 /* PaymentCellView.swift in Sources */,
				19FC746021A9CAAD0019F1A5 /* PaymentViewController.swift in Sources */,
				19FC745E21A9922A0019F1A5 /* loginViewProtocol.swift in Sources */,
				19CA3D5B21C9B530009059B0 /* LoginView.swift in Sources */,
				1904C22F21A9F99300477024 /* PaymentModel.swift in Sources */,
				19D7065A21AFC38E00AE2546 /* PaymentView.swift in Sources */,
				1941528C21A96A8300D0A7A3 /* AppDelegate.swift in Sources */,
				19FC745921A990670019F1A5 /* LoginModel.swift in Sources */,
			);
			runOnlyForDeploymentPostprocessing = 0;
		};
/* End PBXSourcesBuildPhase section */

/* Begin PBXVariantGroup section */
		1941529421A96A8400D0A7A3 /* LaunchScreen.storyboard */ = {
			isa = PBXVariantGroup;
			children = (
				1941529521A96A8400D0A7A3 /* Base */,
			);
			name = LaunchScreen.storyboard;
			sourceTree = "<group>";
		};
/* End PBXVariantGroup section */

/* Begin XCBuildConfiguration section */
		1941529821A96A8400D0A7A3 /* Debug */ = {
			isa = XCBuildConfiguration;
			buildSettings = {
				ALWAYS_SEARCH_USER_PATHS = NO;
				CLANG_ANALYZER_NONNULL = YES;
				CLANG_ANALYZER_NUMBER_OBJECT_CONVERSION = YES_AGGRESSIVE;
				CLANG_CXX_LANGUAGE_STANDARD = "gnu++14";
				CLANG_CXX_LIBRARY = "libc++";
				CLANG_ENABLE_MODULES = YES;
				CLANG_ENABLE_OBJC_ARC = YES;
				CLANG_ENABLE_OBJC_WEAK = YES;
				CLANG_WARN_BLOCK_CAPTURE_AUTORELEASING = YES;
				CLANG_WARN_BOOL_CONVERSION = YES;
				CLANG_WARN_COMMA = YES;
				CLANG_WARN_CONSTANT_CONVERSION = YES;
				CLANG_WARN_DEPRECATED_OBJC_IMPLEMENTATIONS = YES;
				CLANG_WARN_DIRECT_OBJC_ISA_USAGE = YES_ERROR;
				CLANG_WARN_DOCUMENTATION_COMMENTS = YES;
				CLANG_WARN_EMPTY_BODY = YES;
				CLANG_WARN_ENUM_CONVERSION = YES;
				CLANG_WARN_INFINITE_RECURSION = YES;
				CLANG_WARN_INT_CONVERSION = YES;
				CLANG_WARN_NON_LITERAL_NULL_CONVERSION = YES;
				CLANG_WARN_OBJC_IMPLICIT_RETAIN_SELF = YES;
				CLANG_WARN_OBJC_LITERAL_CONVERSION = YES;
				CLANG_WARN_OBJC_ROOT_CLASS = YES_ERROR;
				CLANG_WARN_RANGE_LOOP_ANALYSIS = YES;
				CLANG_WARN_STRICT_PROTOTYPES = YES;
				CLANG_WARN_SUSPICIOUS_MOVE = YES;
				CLANG_WARN_UNGUARDED_AVAILABILITY = YES_AGGRESSIVE;
				CLANG_WARN_UNREACHABLE_CODE = YES;
				CLANG_WARN__DUPLICATE_METHOD_MATCH = YES;
				CODE_SIGN_IDENTITY = "iPhone Developer";
				COPY_PHASE_STRIP = NO;
				DEBUG_INFORMATION_FORMAT = dwarf;
				ENABLE_STRICT_OBJC_MSGSEND = YES;
				ENABLE_TESTABILITY = YES;
				GCC_C_LANGUAGE_STANDARD = gnu11;
				GCC_DYNAMIC_NO_PIC = NO;
				GCC_NO_COMMON_BLOCKS = YES;
				GCC_OPTIMIZATION_LEVEL = 0;
				GCC_PREPROCESSOR_DEFINITIONS = (
					"DEBUG=1",
					"$(inherited)",
				);
				GCC_WARN_64_TO_32_BIT_CONVERSION = YES;
				GCC_WARN_ABOUT_RETURN_TYPE = YES_ERROR;
				GCC_WARN_UNDECLARED_SELECTOR = YES;
				GCC_WARN_UNINITIALIZED_AUTOS = YES_AGGRESSIVE;
				GCC_WARN_UNUSED_FUNCTION = YES;
				GCC_WARN_UNUSED_VARIABLE = YES;
				IPHONEOS_DEPLOYMENT_TARGET = 12.1;
				MTL_ENABLE_DEBUG_INFO = INCLUDE_SOURCE;
				MTL_FAST_MATH = YES;
				ONLY_ACTIVE_ARCH = YES;
				SDKROOT = iphoneos;
				SWIFT_ACTIVE_COMPILATION_CONDITIONS = DEBUG;
				SWIFT_OPTIMIZATION_LEVEL = "-Onone";
			};
			name = Debug;
		};
		1941529921A96A8400D0A7A3 /* Release */ = {
			isa = XCBuildConfiguration;
			buildSettings = {
				ALWAYS_SEARCH_USER_PATHS = NO;
				CLANG_ANALYZER_NONNULL = YES;
				CLANG_ANALYZER_NUMBER_OBJECT_CONVERSION = YES_AGGRESSIVE;
				CLANG_CXX_LANGUAGE_STANDARD = "gnu++14";
				CLANG_CXX_LIBRARY = "libc++";
				CLANG_ENABLE_MODULES = YES;
				CLANG_ENABLE_OBJC_ARC = YES;
				CLANG_ENABLE_OBJC_WEAK = YES;
				CLANG_WARN_BLOCK_CAPTURE_AUTORELEASING = YES;
				CLANG_WARN_BOOL_CONVERSION = YES;
				CLANG_WARN_COMMA = YES;
				CLANG_WARN_CONSTANT_CONVERSION = YES;
				CLANG_WARN_DEPRECATED_OBJC_IMPLEMENTATIONS = YES;
				CLANG_WARN_DIRECT_OBJC_ISA_USAGE = YES_ERROR;
				CLANG_WARN_DOCUMENTATION_COMMENTS = YES;
				CLANG_WARN_EMPTY_BODY = YES;
				CLANG_WARN_ENUM_CONVERSION = YES;
				CLANG_WARN_INFINITE_RECURSION = YES;
				CLANG_WARN_INT_CONVERSION = YES;
				CLANG_WARN_NON_LITERAL_NULL_CONVERSION = YES;
				CLANG_WARN_OBJC_IMPLICIT_RETAIN_SELF = YES;
				CLANG_WARN_OBJC_LITERAL_CONVERSION = YES;
				CLANG_WARN_OBJC_ROOT_CLASS = YES_ERROR;
				CLANG_WARN_RANGE_LOOP_ANALYSIS = YES;
				CLANG_WARN_STRICT_PROTOTYPES = YES;
				CLANG_WARN_SUSPICIOUS_MOVE = YES;
				CLANG_WARN_UNGUARDED_AVAILABILITY = YES_AGGRESSIVE;
				CLANG_WARN_UNREACHABLE_CODE = YES;
				CLANG_WARN__DUPLICATE_METHOD_MATCH = YES;
				CODE_SIGN_IDENTITY = "iPhone Developer";
				COPY_PHASE_STRIP = NO;
				DEBUG_INFORMATION_FORMAT = "dwarf-with-dsym";
				ENABLE_NS_ASSERTIONS = NO;
				ENABLE_STRICT_OBJC_MSGSEND = YES;
				GCC_C_LANGUAGE_STANDARD = gnu11;
				GCC_NO_COMMON_BLOCKS = YES;
				GCC_WARN_64_TO_32_BIT_CONVERSION = YES;
				GCC_WARN_ABOUT_RETURN_TYPE = YES_ERROR;
				GCC_WARN_UNDECLARED_SELECTOR = YES;
				GCC_WARN_UNINITIALIZED_AUTOS = YES_AGGRESSIVE;
				GCC_WARN_UNUSED_FUNCTION = YES;
				GCC_WARN_UNUSED_VARIABLE = YES;
				IPHONEOS_DEPLOYMENT_TARGET = 12.1;
				MTL_ENABLE_DEBUG_INFO = NO;
				MTL_FAST_MATH = YES;
				SDKROOT = iphoneos;
				SWIFT_COMPILATION_MODE = wholemodule;
				SWIFT_OPTIMIZATION_LEVEL = "-O";
				VALIDATE_PRODUCT = YES;
			};
			name = Release;
		};
		1941529B21A96A8400D0A7A3 /* Debug */ = {
			isa = XCBuildConfiguration;
			baseConfigurationReference = 037060D2712CDB4853EA5A57 /* Pods-skarbnik.debug.xcconfig */;
			buildSettings = {
				ASSETCATALOG_COMPILER_APPICON_NAME = AppIcon;
				CODE_SIGN_STYLE = Automatic;
				DEVELOPMENT_TEAM = CUAEE97JF5;
				INFOPLIST_FILE = skarbnik/Info.plist;
				LD_RUNPATH_SEARCH_PATHS = (
					"$(inherited)",
					"@executable_path/Frameworks",
				);
				PRODUCT_BUNDLE_IDENTIFIER = towarek.skarbnik;
				PRODUCT_NAME = "$(TARGET_NAME)";
				SWIFT_VERSION = 4.2;
				TARGETED_DEVICE_FAMILY = "1,2";
			};
			name = Debug;
		};
		1941529C21A96A8400D0A7A3 /* Release */ = {
			isa = XCBuildConfiguration;
			baseConfigurationReference = A3127D522E2219D2ED2CCF0B /* Pods-skarbnik.release.xcconfig */;
			buildSettings = {
				ASSETCATALOG_COMPILER_APPICON_NAME = AppIcon;
				CODE_SIGN_STYLE = Automatic;
				DEVELOPMENT_TEAM = CUAEE97JF5;
				INFOPLIST_FILE = skarbnik/Info.plist;
				LD_RUNPATH_SEARCH_PATHS = (
					"$(inherited)",
					"@executable_path/Frameworks",
				);
				PRODUCT_BUNDLE_IDENTIFIER = towarek.skarbnik;
				PRODUCT_NAME = "$(TARGET_NAME)";
				SWIFT_VERSION = 4.2;
				TARGETED_DEVICE_FAMILY = "1,2";
			};
			name = Release;
		};
/* End XCBuildConfiguration section */

/* Begin XCConfigurationList section */
		1941528321A96A8300D0A7A3 /* Build configuration list for PBXProject "skarbnik" */ = {
			isa = XCConfigurationList;
			buildConfigurations = (
				1941529821A96A8400D0A7A3 /* Debug */,
				1941529921A96A8400D0A7A3 /* Release */,
			);
			defaultConfigurationIsVisible = 0;
			defaultConfigurationName = Release;
		};
		1941529A21A96A8400D0A7A3 /* Build configuration list for PBXNativeTarget "skarbnik" */ = {
			isa = XCConfigurationList;
			buildConfigurations = (
				1941529B21A96A8400D0A7A3 /* Debug */,
				1941529C21A96A8400D0A7A3 /* Release */,
			);
			defaultConfigurationIsVisible = 0;
			defaultConfigurationName = Release;
		};
/* End XCConfigurationList section */
	};
	rootObject = 1941528021A96A8300D0A7A3 /* Project object */;
}
